
Microsoft Visual Studio Solution File, Format Version 12.00
# Visual Studio Version 16
VisualStudioVersion = 16.0.29709.97
MinimumVisualStudioVersion = 10.0.40219.1
Project("{FAE04EC0-301F-11D3-BF4B-00C04F79EFBC}") = "03. Product Shop", "03. Product Shop.csproj", "{8A994727-B6BA-40AD-B067-1E1CF3538221}"
EndProject
Global
	GlobalSection(SolutionConfigurationPlatforms) = preSolution
		Debug|Any CPU = Debug|Any CPU
		Release|Any CPU = Release|Any CPU
	EndGlobalSection
	GlobalSection(ProjectConfigurationPlatforms) = postSolution
		{8A994727-B6BA-40AD-B067-1E1CF3538221}.Debug|Any CPU.ActiveCfg = Debug|Any CPU
		{8A994727-B6BA-40AD-B067-1E1CF3538221}.Debug|Any CPU.Build.0 = Debug|Any CPU
		{8A994727-B6BA-40AD-B067-1E1CF3538221}.Release|Any CPU.ActiveCfg = Release|Any CPU
		{8A994727-B6BA-40AD-B067-1E1CF3538221}.Release|Any CPU.Build.0 = Release|Any CPU
	EndGlobalSection
	GlobalSection(SolutionProperties) = preSolution
		HideSolutionNode = FALSE
	EndGlobalSection
	GlobalSection(ExtensibilityGlobals) = postSolution
		SolutionGuid = {84B07EC0-FE7B-48A0-AC5D-6137E9049BF4}
	EndGlobalSection
EndGlobal
