
Microsoft Visual Studio Solution File, Format Version 12.00
# Visual Studio Version 16
VisualStudioVersion = 16.0.29709.97
MinimumVisualStudioVersion = 10.0.40219.1
Project("{FAE04EC0-301F-11D3-BF4B-00C04F79EFBC}") = "07. The V-Logger", "07. The V-Logger.csproj", "{70CD8BBA-A9E0-443A-AF7B-A3CA57F56FB0}"
EndProject
Global
	GlobalSection(SolutionConfigurationPlatforms) = preSolution
		Debug|Any CPU = Debug|Any CPU
		Release|Any CPU = Release|Any CPU
	EndGlobalSection
	GlobalSection(ProjectConfigurationPlatforms) = postSolution
		{70CD8BBA-A9E0-443A-AF7B-A3CA57F56FB0}.Debug|Any CPU.ActiveCfg = Debug|Any CPU
		{70CD8BBA-A9E0-443A-AF7B-A3CA57F56FB0}.Debug|Any CPU.Build.0 = Debug|Any CPU
		{70CD8BBA-A9E0-443A-AF7B-A3CA57F56FB0}.Release|Any CPU.ActiveCfg = Release|Any CPU
		{70CD8BBA-A9E0-443A-AF7B-A3CA57F56FB0}.Release|Any CPU.Build.0 = Release|Any CPU
	EndGlobalSection
	GlobalSection(SolutionProperties) = preSolution
		HideSolutionNode = FALSE
	EndGlobalSection
	GlobalSection(ExtensibilityGlobals) = postSolution
		SolutionGuid = {4C50FF37-F51F-47C1-8A2A-4157C65D9E79}
	EndGlobalSection
EndGlobal
