
Microsoft Visual Studio Solution File, Format Version 12.00
# Visual Studio Version 16
VisualStudioVersion = 16.0.29709.97
MinimumVisualStudioVersion = 10.0.40219.1
Project("{FAE04EC0-301F-11D3-BF4B-00C04F79EFBC}") = "02. Sum Matrix Columns", "02. Sum Matrix Columns.csproj", "{456FB046-A90F-48BA-86CF-6D998C1DBAB2}"
EndProject
Global
	GlobalSection(SolutionConfigurationPlatforms) = preSolution
		Debug|Any CPU = Debug|Any CPU
		Release|Any CPU = Release|Any CPU
	EndGlobalSection
	GlobalSection(ProjectConfigurationPlatforms) = postSolution
		{456FB046-A90F-48BA-86CF-6D998C1DBAB2}.Debug|Any CPU.ActiveCfg = Debug|Any CPU
		{456FB046-A90F-48BA-86CF-6D998C1DBAB2}.Debug|Any CPU.Build.0 = Debug|Any CPU
		{456FB046-A90F-48BA-86CF-6D998C1DBAB2}.Release|Any CPU.ActiveCfg = Release|Any CPU
		{456FB046-A90F-48BA-86CF-6D998C1DBAB2}.Release|Any CPU.Build.0 = Release|Any CPU
	EndGlobalSection
	GlobalSection(SolutionProperties) = preSolution
		HideSolutionNode = FALSE
	EndGlobalSection
	GlobalSection(ExtensibilityGlobals) = postSolution
		SolutionGuid = {F7755507-5959-44E2-9F9B-D62249A212DA}
	EndGlobalSection
EndGlobal
