
Microsoft Visual Studio Solution File, Format Version 12.00
# Visual Studio Version 16
VisualStudioVersion = 16.0.29709.97
MinimumVisualStudioVersion = 10.0.40219.1
Project("{FAE04EC0-301F-11D3-BF4B-00C04F79EFBC}") = "02. Football Betting", "02. Football Betting.csproj", "{9EADAF71-E0F9-4261-BB6B-AB70C47D7C3D}"
EndProject
Global
	GlobalSection(SolutionConfigurationPlatforms) = preSolution
		Debug|Any CPU = Debug|Any CPU
		Release|Any CPU = Release|Any CPU
	EndGlobalSection
	GlobalSection(ProjectConfigurationPlatforms) = postSolution
		{9EADAF71-E0F9-4261-BB6B-AB70C47D7C3D}.Debug|Any CPU.ActiveCfg = Debug|Any CPU
		{9EADAF71-E0F9-4261-BB6B-AB70C47D7C3D}.Debug|Any CPU.Build.0 = Debug|Any CPU
		{9EADAF71-E0F9-4261-BB6B-AB70C47D7C3D}.Release|Any CPU.ActiveCfg = Release|Any CPU
		{9EADAF71-E0F9-4261-BB6B-AB70C47D7C3D}.Release|Any CPU.Build.0 = Release|Any CPU
	EndGlobalSection
	GlobalSection(SolutionProperties) = preSolution
		HideSolutionNode = FALSE
	EndGlobalSection
	GlobalSection(ExtensibilityGlobals) = postSolution
		SolutionGuid = {AB66CF91-7A74-41E4-8CFA-3279D0988672}
	EndGlobalSection
EndGlobal
