
Microsoft Visual Studio Solution File, Format Version 12.00
# Visual Studio Version 16
VisualStudioVersion = 16.0.29709.97
MinimumVisualStudioVersion = 10.0.40219.1
Project("{FAE04EC0-301F-11D3-BF4B-00C04F79EFBC}") = "06. Vehicle Catalogue", "06. Vehicle Catalogue.csproj", "{C6F7B919-A77B-4842-81D1-705BBC0F4421}"
EndProject
Global
	GlobalSection(SolutionConfigurationPlatforms) = preSolution
		Debug|Any CPU = Debug|Any CPU
		Release|Any CPU = Release|Any CPU
	EndGlobalSection
	GlobalSection(ProjectConfigurationPlatforms) = postSolution
		{C6F7B919-A77B-4842-81D1-705BBC0F4421}.Debug|Any CPU.ActiveCfg = Debug|Any CPU
		{C6F7B919-A77B-4842-81D1-705BBC0F4421}.Debug|Any CPU.Build.0 = Debug|Any CPU
		{C6F7B919-A77B-4842-81D1-705BBC0F4421}.Release|Any CPU.ActiveCfg = Release|Any CPU
		{C6F7B919-A77B-4842-81D1-705BBC0F4421}.Release|Any CPU.Build.0 = Release|Any CPU
	EndGlobalSection
	GlobalSection(SolutionProperties) = preSolution
		HideSolutionNode = FALSE
	EndGlobalSection
	GlobalSection(ExtensibilityGlobals) = postSolution
		SolutionGuid = {A15FC8F4-B2A2-4740-80D5-801E3071C35E}
	EndGlobalSection
EndGlobal
