
Microsoft Visual Studio Solution File, Format Version 12.00
# Visual Studio Version 16
VisualStudioVersion = 16.0.29709.97
MinimumVisualStudioVersion = 10.0.40219.1
Project("{FAE04EC0-301F-11D3-BF4B-00C04F79EFBC}") = "01. Linked List", "01. Linked List.csproj", "{6187AA0F-A4BF-4E5D-B00B-B0EA344DCCA5}"
EndProject
Global
	GlobalSection(SolutionConfigurationPlatforms) = preSolution
		Debug|Any CPU = Debug|Any CPU
		Release|Any CPU = Release|Any CPU
	EndGlobalSection
	GlobalSection(ProjectConfigurationPlatforms) = postSolution
		{6187AA0F-A4BF-4E5D-B00B-B0EA344DCCA5}.Debug|Any CPU.ActiveCfg = Debug|Any CPU
		{6187AA0F-A4BF-4E5D-B00B-B0EA344DCCA5}.Debug|Any CPU.Build.0 = Debug|Any CPU
		{6187AA0F-A4BF-4E5D-B00B-B0EA344DCCA5}.Release|Any CPU.ActiveCfg = Release|Any CPU
		{6187AA0F-A4BF-4E5D-B00B-B0EA344DCCA5}.Release|Any CPU.Build.0 = Release|Any CPU
	EndGlobalSection
	GlobalSection(SolutionProperties) = preSolution
		HideSolutionNode = FALSE
	EndGlobalSection
	GlobalSection(ExtensibilityGlobals) = postSolution
		SolutionGuid = {38D81E52-9907-4550-BDEB-28940B0CD886}
	EndGlobalSection
EndGlobal
