
Microsoft Visual Studio Solution File, Format Version 12.00
# Visual Studio Version 16
VisualStudioVersion = 16.0.29709.97
MinimumVisualStudioVersion = 10.0.40219.1
Project("{FAE04EC0-301F-11D3-BF4B-00C04F79EFBC}") = "06. Food Shortage", "06. Food Shortage.csproj", "{7EBA1FFF-11E7-40FC-9699-D35BB170C87D}"
EndProject
Global
	GlobalSection(SolutionConfigurationPlatforms) = preSolution
		Debug|Any CPU = Debug|Any CPU
		Release|Any CPU = Release|Any CPU
	EndGlobalSection
	GlobalSection(ProjectConfigurationPlatforms) = postSolution
		{7EBA1FFF-11E7-40FC-9699-D35BB170C87D}.Debug|Any CPU.ActiveCfg = Debug|Any CPU
		{7EBA1FFF-11E7-40FC-9699-D35BB170C87D}.Debug|Any CPU.Build.0 = Debug|Any CPU
		{7EBA1FFF-11E7-40FC-9699-D35BB170C87D}.Release|Any CPU.ActiveCfg = Release|Any CPU
		{7EBA1FFF-11E7-40FC-9699-D35BB170C87D}.Release|Any CPU.Build.0 = Release|Any CPU
	EndGlobalSection
	GlobalSection(SolutionProperties) = preSolution
		HideSolutionNode = FALSE
	EndGlobalSection
	GlobalSection(ExtensibilityGlobals) = postSolution
		SolutionGuid = {AACCA026-4608-489C-8455-0F884F9A8D6C}
	EndGlobalSection
EndGlobal
