
Microsoft Visual Studio Solution File, Format Version 12.00
# Visual Studio Version 16
VisualStudioVersion = 16.0.29709.97
MinimumVisualStudioVersion = 10.0.40219.1
Project("{FAE04EC0-301F-11D3-BF4B-00C04F79EFBC}") = "10. Lower or Upper", "10. Lower or Upper.csproj", "{FBCE457A-5E5D-4B77-B6F4-51BE32F0099B}"
EndProject
Global
	GlobalSection(SolutionConfigurationPlatforms) = preSolution
		Debug|Any CPU = Debug|Any CPU
		Release|Any CPU = Release|Any CPU
	EndGlobalSection
	GlobalSection(ProjectConfigurationPlatforms) = postSolution
		{FBCE457A-5E5D-4B77-B6F4-51BE32F0099B}.Debug|Any CPU.ActiveCfg = Debug|Any CPU
		{FBCE457A-5E5D-4B77-B6F4-51BE32F0099B}.Debug|Any CPU.Build.0 = Debug|Any CPU
		{FBCE457A-5E5D-4B77-B6F4-51BE32F0099B}.Release|Any CPU.ActiveCfg = Release|Any CPU
		{FBCE457A-5E5D-4B77-B6F4-51BE32F0099B}.Release|Any CPU.Build.0 = Release|Any CPU
	EndGlobalSection
	GlobalSection(SolutionProperties) = preSolution
		HideSolutionNode = FALSE
	EndGlobalSection
	GlobalSection(ExtensibilityGlobals) = postSolution
		SolutionGuid = {35AD640D-A7F3-4324-8326-D3E2D5FE0AB7}
	EndGlobalSection
EndGlobal
