
Microsoft Visual Studio Solution File, Format Version 12.00
# Visual Studio Version 16
VisualStudioVersion = 16.0.29709.97
MinimumVisualStudioVersion = 10.0.40219.1
Project("{FAE04EC0-301F-11D3-BF4B-00C04F79EFBC}") = "04. Refactoring - Prime Checker", "04. Refactoring - Prime Checker.csproj", "{FEF06721-2FB0-4BE3-947F-F3659704C2D0}"
EndProject
Global
	GlobalSection(SolutionConfigurationPlatforms) = preSolution
		Debug|Any CPU = Debug|Any CPU
		Release|Any CPU = Release|Any CPU
	EndGlobalSection
	GlobalSection(ProjectConfigurationPlatforms) = postSolution
		{FEF06721-2FB0-4BE3-947F-F3659704C2D0}.Debug|Any CPU.ActiveCfg = Debug|Any CPU
		{FEF06721-2FB0-4BE3-947F-F3659704C2D0}.Debug|Any CPU.Build.0 = Debug|Any CPU
		{FEF06721-2FB0-4BE3-947F-F3659704C2D0}.Release|Any CPU.ActiveCfg = Release|Any CPU
		{FEF06721-2FB0-4BE3-947F-F3659704C2D0}.Release|Any CPU.Build.0 = Release|Any CPU
	EndGlobalSection
	GlobalSection(SolutionProperties) = preSolution
		HideSolutionNode = FALSE
	EndGlobalSection
	GlobalSection(ExtensibilityGlobals) = postSolution
		SolutionGuid = {6B7EAF17-6021-476D-AB7B-946A348E6974}
	EndGlobalSection
EndGlobal
