
Microsoft Visual Studio Solution File, Format Version 12.00
# Visual Studio Version 16
VisualStudioVersion = 16.0.29709.97
MinimumVisualStudioVersion = 10.0.40219.1
Project("{FAE04EC0-301F-11D3-BF4B-00C04F79EFBC}") = "04. Even Times", "04. Even Times.csproj", "{DB2B8498-6C60-40B6-B335-D7270D72AC6F}"
EndProject
Global
	GlobalSection(SolutionConfigurationPlatforms) = preSolution
		Debug|Any CPU = Debug|Any CPU
		Release|Any CPU = Release|Any CPU
	EndGlobalSection
	GlobalSection(ProjectConfigurationPlatforms) = postSolution
		{DB2B8498-6C60-40B6-B335-D7270D72AC6F}.Debug|Any CPU.ActiveCfg = Debug|Any CPU
		{DB2B8498-6C60-40B6-B335-D7270D72AC6F}.Debug|Any CPU.Build.0 = Debug|Any CPU
		{DB2B8498-6C60-40B6-B335-D7270D72AC6F}.Release|Any CPU.ActiveCfg = Release|Any CPU
		{DB2B8498-6C60-40B6-B335-D7270D72AC6F}.Release|Any CPU.Build.0 = Release|Any CPU
	EndGlobalSection
	GlobalSection(SolutionProperties) = preSolution
		HideSolutionNode = FALSE
	EndGlobalSection
	GlobalSection(ExtensibilityGlobals) = postSolution
		SolutionGuid = {74E1E36E-4853-4618-9200-4638AD4606E5}
	EndGlobalSection
EndGlobal
