
Microsoft Visual Studio Solution File, Format Version 12.00
# Visual Studio Version 16
VisualStudioVersion = 16.0.29709.97
MinimumVisualStudioVersion = 10.0.40219.1
Project("{FAE04EC0-301F-11D3-BF4B-00C04F79EFBC}") = "03. Periodic Table", "03. Periodic Table.csproj", "{88E943A5-FAA9-4D5C-8619-A4557F89E8F2}"
EndProject
Global
	GlobalSection(SolutionConfigurationPlatforms) = preSolution
		Debug|Any CPU = Debug|Any CPU
		Release|Any CPU = Release|Any CPU
	EndGlobalSection
	GlobalSection(ProjectConfigurationPlatforms) = postSolution
		{88E943A5-FAA9-4D5C-8619-A4557F89E8F2}.Debug|Any CPU.ActiveCfg = Debug|Any CPU
		{88E943A5-FAA9-4D5C-8619-A4557F89E8F2}.Debug|Any CPU.Build.0 = Debug|Any CPU
		{88E943A5-FAA9-4D5C-8619-A4557F89E8F2}.Release|Any CPU.ActiveCfg = Release|Any CPU
		{88E943A5-FAA9-4D5C-8619-A4557F89E8F2}.Release|Any CPU.Build.0 = Release|Any CPU
	EndGlobalSection
	GlobalSection(SolutionProperties) = preSolution
		HideSolutionNode = FALSE
	EndGlobalSection
	GlobalSection(ExtensibilityGlobals) = postSolution
		SolutionGuid = {2E369A33-CF71-49AA-A222-CA7190F16654}
	EndGlobalSection
EndGlobal
