
Microsoft Visual Studio Solution File, Format Version 12.00
# Visual Studio Version 16
VisualStudioVersion = 16.0.29709.97
MinimumVisualStudioVersion = 10.0.40219.1
Project("{FAE04EC0-301F-11D3-BF4B-00C04F79EFBC}") = "03. SoftUni Bar Income", "03. SoftUni Bar Income.csproj", "{35621543-3FF6-4449-91F7-A3B372295091}"
EndProject
Global
	GlobalSection(SolutionConfigurationPlatforms) = preSolution
		Debug|Any CPU = Debug|Any CPU
		Release|Any CPU = Release|Any CPU
	EndGlobalSection
	GlobalSection(ProjectConfigurationPlatforms) = postSolution
		{35621543-3FF6-4449-91F7-A3B372295091}.Debug|Any CPU.ActiveCfg = Debug|Any CPU
		{35621543-3FF6-4449-91F7-A3B372295091}.Debug|Any CPU.Build.0 = Debug|Any CPU
		{35621543-3FF6-4449-91F7-A3B372295091}.Release|Any CPU.ActiveCfg = Release|Any CPU
		{35621543-3FF6-4449-91F7-A3B372295091}.Release|Any CPU.Build.0 = Release|Any CPU
	EndGlobalSection
	GlobalSection(SolutionProperties) = preSolution
		HideSolutionNode = FALSE
	EndGlobalSection
	GlobalSection(ExtensibilityGlobals) = postSolution
		SolutionGuid = {79F83020-D8B9-4B84-B640-14F6824ED47D}
	EndGlobalSection
EndGlobal
