
Microsoft Visual Studio Solution File, Format Version 12.00
# Visual Studio Version 16
VisualStudioVersion = 16.0.29709.97
MinimumVisualStudioVersion = 10.0.40219.1
Project("{FAE04EC0-301F-11D3-BF4B-00C04F79EFBC}") = "08. Custom Comparator", "08. Custom Comparator.csproj", "{DE0A0E29-F351-4127-B64D-639ED3FC28E6}"
EndProject
Global
	GlobalSection(SolutionConfigurationPlatforms) = preSolution
		Debug|Any CPU = Debug|Any CPU
		Release|Any CPU = Release|Any CPU
	EndGlobalSection
	GlobalSection(ProjectConfigurationPlatforms) = postSolution
		{DE0A0E29-F351-4127-B64D-639ED3FC28E6}.Debug|Any CPU.ActiveCfg = Debug|Any CPU
		{DE0A0E29-F351-4127-B64D-639ED3FC28E6}.Debug|Any CPU.Build.0 = Debug|Any CPU
		{DE0A0E29-F351-4127-B64D-639ED3FC28E6}.Release|Any CPU.ActiveCfg = Release|Any CPU
		{DE0A0E29-F351-4127-B64D-639ED3FC28E6}.Release|Any CPU.Build.0 = Release|Any CPU
	EndGlobalSection
	GlobalSection(SolutionProperties) = preSolution
		HideSolutionNode = FALSE
	EndGlobalSection
	GlobalSection(ExtensibilityGlobals) = postSolution
		SolutionGuid = {A31589C3-9E0B-47AB-8C31-E467E7F0510A}
	EndGlobalSection
EndGlobal
