
Microsoft Visual Studio Solution File, Format Version 12.00
# Visual Studio Version 16
VisualStudioVersion = 16.0.29709.97
MinimumVisualStudioVersion = 10.0.40219.1
Project("{FAE04EC0-301F-11D3-BF4B-00C04F79EFBC}") = "09. Padawan Equipment", "09. Padawan Equipment.csproj", "{48182190-9EAA-4C09-AA07-47673E4A95F0}"
EndProject
Global
	GlobalSection(SolutionConfigurationPlatforms) = preSolution
		Debug|Any CPU = Debug|Any CPU
		Release|Any CPU = Release|Any CPU
	EndGlobalSection
	GlobalSection(ProjectConfigurationPlatforms) = postSolution
		{48182190-9EAA-4C09-AA07-47673E4A95F0}.Debug|Any CPU.ActiveCfg = Debug|Any CPU
		{48182190-9EAA-4C09-AA07-47673E4A95F0}.Debug|Any CPU.Build.0 = Debug|Any CPU
		{48182190-9EAA-4C09-AA07-47673E4A95F0}.Release|Any CPU.ActiveCfg = Release|Any CPU
		{48182190-9EAA-4C09-AA07-47673E4A95F0}.Release|Any CPU.Build.0 = Release|Any CPU
	EndGlobalSection
	GlobalSection(SolutionProperties) = preSolution
		HideSolutionNode = FALSE
	EndGlobalSection
	GlobalSection(ExtensibilityGlobals) = postSolution
		SolutionGuid = {A67D7979-5C8C-4D95-AC4E-1CE6073C8A8E}
	EndGlobalSection
EndGlobal
