
Microsoft Visual Studio Solution File, Format Version 12.00
# Visual Studio Version 16
VisualStudioVersion = 16.0.29709.97
MinimumVisualStudioVersion = 10.0.40219.1
Project("{FAE04EC0-301F-11D3-BF4B-00C04F79EFBC}") = "08. Letters Change Numbers", "08. Letters Change Numbers.csproj", "{46F9F052-A09B-411D-B877-453648595D95}"
EndProject
Global
	GlobalSection(SolutionConfigurationPlatforms) = preSolution
		Debug|Any CPU = Debug|Any CPU
		Release|Any CPU = Release|Any CPU
	EndGlobalSection
	GlobalSection(ProjectConfigurationPlatforms) = postSolution
		{46F9F052-A09B-411D-B877-453648595D95}.Debug|Any CPU.ActiveCfg = Debug|Any CPU
		{46F9F052-A09B-411D-B877-453648595D95}.Debug|Any CPU.Build.0 = Debug|Any CPU
		{46F9F052-A09B-411D-B877-453648595D95}.Release|Any CPU.ActiveCfg = Release|Any CPU
		{46F9F052-A09B-411D-B877-453648595D95}.Release|Any CPU.Build.0 = Release|Any CPU
	EndGlobalSection
	GlobalSection(SolutionProperties) = preSolution
		HideSolutionNode = FALSE
	EndGlobalSection
	GlobalSection(ExtensibilityGlobals) = postSolution
		SolutionGuid = {39F7ABA0-D117-4970-9067-19CD352DA4E5}
	EndGlobalSection
EndGlobal
