
Microsoft Visual Studio Solution File, Format Version 12.00
# Visual Studio Version 16
VisualStudioVersion = 16.0.29709.97
MinimumVisualStudioVersion = 10.0.40219.1
Project("{FAE04EC0-301F-11D3-BF4B-00C04F79EFBC}") = "07. Theatre Promotions", "07. Theatre Promotions.csproj", "{DD356D31-262C-4845-B67D-20BD45F40496}"
EndProject
Global
	GlobalSection(SolutionConfigurationPlatforms) = preSolution
		Debug|Any CPU = Debug|Any CPU
		Release|Any CPU = Release|Any CPU
	EndGlobalSection
	GlobalSection(ProjectConfigurationPlatforms) = postSolution
		{DD356D31-262C-4845-B67D-20BD45F40496}.Debug|Any CPU.ActiveCfg = Debug|Any CPU
		{DD356D31-262C-4845-B67D-20BD45F40496}.Debug|Any CPU.Build.0 = Debug|Any CPU
		{DD356D31-262C-4845-B67D-20BD45F40496}.Release|Any CPU.ActiveCfg = Release|Any CPU
		{DD356D31-262C-4845-B67D-20BD45F40496}.Release|Any CPU.Build.0 = Release|Any CPU
	EndGlobalSection
	GlobalSection(SolutionProperties) = preSolution
		HideSolutionNode = FALSE
	EndGlobalSection
	GlobalSection(ExtensibilityGlobals) = postSolution
		SolutionGuid = {E8D07F1F-DC00-4D89-9422-8880A013DEB4}
	EndGlobalSection
EndGlobal
