
Microsoft Visual Studio Solution File, Format Version 12.00
# Visual Studio Version 16
VisualStudioVersion = 16.0.29709.97
MinimumVisualStudioVersion = 10.0.40219.1
Project("{FAE04EC0-301F-11D3-BF4B-00C04F79EFBC}") = "07. Military Elite", "07. Military Elite.csproj", "{78F25028-9B97-4894-9361-F8807B0337D1}"
EndProject
Global
	GlobalSection(SolutionConfigurationPlatforms) = preSolution
		Debug|Any CPU = Debug|Any CPU
		Release|Any CPU = Release|Any CPU
	EndGlobalSection
	GlobalSection(ProjectConfigurationPlatforms) = postSolution
		{78F25028-9B97-4894-9361-F8807B0337D1}.Debug|Any CPU.ActiveCfg = Debug|Any CPU
		{78F25028-9B97-4894-9361-F8807B0337D1}.Debug|Any CPU.Build.0 = Debug|Any CPU
		{78F25028-9B97-4894-9361-F8807B0337D1}.Release|Any CPU.ActiveCfg = Release|Any CPU
		{78F25028-9B97-4894-9361-F8807B0337D1}.Release|Any CPU.Build.0 = Release|Any CPU
	EndGlobalSection
	GlobalSection(SolutionProperties) = preSolution
		HideSolutionNode = FALSE
	EndGlobalSection
	GlobalSection(ExtensibilityGlobals) = postSolution
		SolutionGuid = {D4119F5C-A0DD-4018-98E1-A1DFD217DE99}
	EndGlobalSection
EndGlobal
