
Microsoft Visual Studio Solution File, Format Version 12.00
# Visual Studio Version 16
VisualStudioVersion = 16.0.29709.97
MinimumVisualStudioVersion = 10.0.40219.1
Project("{FAE04EC0-301F-11D3-BF4B-00C04F79EFBC}") = "05. TeamWork Projects", "05. TeamWork Projects.csproj", "{DC2B9609-0D10-48F9-934D-4C259334E7C9}"
EndProject
Global
	GlobalSection(SolutionConfigurationPlatforms) = preSolution
		Debug|Any CPU = Debug|Any CPU
		Release|Any CPU = Release|Any CPU
	EndGlobalSection
	GlobalSection(ProjectConfigurationPlatforms) = postSolution
		{DC2B9609-0D10-48F9-934D-4C259334E7C9}.Debug|Any CPU.ActiveCfg = Debug|Any CPU
		{DC2B9609-0D10-48F9-934D-4C259334E7C9}.Debug|Any CPU.Build.0 = Debug|Any CPU
		{DC2B9609-0D10-48F9-934D-4C259334E7C9}.Release|Any CPU.ActiveCfg = Release|Any CPU
		{DC2B9609-0D10-48F9-934D-4C259334E7C9}.Release|Any CPU.Build.0 = Release|Any CPU
	EndGlobalSection
	GlobalSection(SolutionProperties) = preSolution
		HideSolutionNode = FALSE
	EndGlobalSection
	GlobalSection(ExtensibilityGlobals) = postSolution
		SolutionGuid = {0B497004-E500-4314-AEC0-598EA8697142}
	EndGlobalSection
EndGlobal
