
Microsoft Visual Studio Solution File, Format Version 12.00
# Visual Studio Version 16
VisualStudioVersion = 16.0.29709.97
MinimumVisualStudioVersion = 10.0.40219.1
Project("{FAE04EC0-301F-11D3-BF4B-00C04F79EFBC}") = "05. Longest Increasing Subsequence (LIS)", "05. Longest Increasing Subsequence (LIS).csproj", "{04BDF637-81DA-4175-81C5-ABF49488AB6C}"
EndProject
Global
	GlobalSection(SolutionConfigurationPlatforms) = preSolution
		Debug|Any CPU = Debug|Any CPU
		Release|Any CPU = Release|Any CPU
	EndGlobalSection
	GlobalSection(ProjectConfigurationPlatforms) = postSolution
		{04BDF637-81DA-4175-81C5-ABF49488AB6C}.Debug|Any CPU.ActiveCfg = Debug|Any CPU
		{04BDF637-81DA-4175-81C5-ABF49488AB6C}.Debug|Any CPU.Build.0 = Debug|Any CPU
		{04BDF637-81DA-4175-81C5-ABF49488AB6C}.Release|Any CPU.ActiveCfg = Release|Any CPU
		{04BDF637-81DA-4175-81C5-ABF49488AB6C}.Release|Any CPU.Build.0 = Release|Any CPU
	EndGlobalSection
	GlobalSection(SolutionProperties) = preSolution
		HideSolutionNode = FALSE
	EndGlobalSection
	GlobalSection(ExtensibilityGlobals) = postSolution
		SolutionGuid = {7BCB9287-D2EE-434E-B7EB-5F8AAF928605}
	EndGlobalSection
EndGlobal
