
Microsoft Visual Studio Solution File, Format Version 12.00
# Visual Studio Version 16
VisualStudioVersion = 16.0.29709.97
MinimumVisualStudioVersion = 10.0.40219.1
Project("{FAE04EC0-301F-11D3-BF4B-00C04F79EFBC}") = "02. Present Delivery", "02. Present Delivery.csproj", "{20F58218-975E-41AE-8619-1561E9297882}"
EndProject
Global
	GlobalSection(SolutionConfigurationPlatforms) = preSolution
		Debug|Any CPU = Debug|Any CPU
		Release|Any CPU = Release|Any CPU
	EndGlobalSection
	GlobalSection(ProjectConfigurationPlatforms) = postSolution
		{20F58218-975E-41AE-8619-1561E9297882}.Debug|Any CPU.ActiveCfg = Debug|Any CPU
		{20F58218-975E-41AE-8619-1561E9297882}.Debug|Any CPU.Build.0 = Debug|Any CPU
		{20F58218-975E-41AE-8619-1561E9297882}.Release|Any CPU.ActiveCfg = Release|Any CPU
		{20F58218-975E-41AE-8619-1561E9297882}.Release|Any CPU.Build.0 = Release|Any CPU
	EndGlobalSection
	GlobalSection(SolutionProperties) = preSolution
		HideSolutionNode = FALSE
	EndGlobalSection
	GlobalSection(ExtensibilityGlobals) = postSolution
		SolutionGuid = {820DB75F-9D80-4E18-8D07-3854A1259C88}
	EndGlobalSection
EndGlobal
