
Microsoft Visual Studio Solution File, Format Version 12.00
# Visual Studio Version 16
VisualStudioVersion = 16.0.29709.97
MinimumVisualStudioVersion = 10.0.40219.1
Project("{FAE04EC0-301F-11D3-BF4B-00C04F79EFBC}") = "05. Bomb Numbers", "05. Bomb Numbers.csproj", "{D7466743-F398-41E1-8AFF-D369F8771166}"
EndProject
Global
	GlobalSection(SolutionConfigurationPlatforms) = preSolution
		Debug|Any CPU = Debug|Any CPU
		Release|Any CPU = Release|Any CPU
	EndGlobalSection
	GlobalSection(ProjectConfigurationPlatforms) = postSolution
		{D7466743-F398-41E1-8AFF-D369F8771166}.Debug|Any CPU.ActiveCfg = Debug|Any CPU
		{D7466743-F398-41E1-8AFF-D369F8771166}.Debug|Any CPU.Build.0 = Debug|Any CPU
		{D7466743-F398-41E1-8AFF-D369F8771166}.Release|Any CPU.ActiveCfg = Release|Any CPU
		{D7466743-F398-41E1-8AFF-D369F8771166}.Release|Any CPU.Build.0 = Release|Any CPU
	EndGlobalSection
	GlobalSection(SolutionProperties) = preSolution
		HideSolutionNode = FALSE
	EndGlobalSection
	GlobalSection(ExtensibilityGlobals) = postSolution
		SolutionGuid = {618B05DF-C986-4860-BBE0-6F6D8D6FF74B}
	EndGlobalSection
EndGlobal
