
Microsoft Visual Studio Solution File, Format Version 12.00
# Visual Studio Version 16
VisualStudioVersion = 16.0.29709.97
MinimumVisualStudioVersion = 10.0.40219.1
Project("{FAE04EC0-301F-11D3-BF4B-00C04F79EFBC}") = "01. Count Real Numbers", "01. Count Real Numbers.csproj", "{6DA136D4-04C3-47B1-B79B-F9113514F2DE}"
EndProject
Global
	GlobalSection(SolutionConfigurationPlatforms) = preSolution
		Debug|Any CPU = Debug|Any CPU
		Release|Any CPU = Release|Any CPU
	EndGlobalSection
	GlobalSection(ProjectConfigurationPlatforms) = postSolution
		{6DA136D4-04C3-47B1-B79B-F9113514F2DE}.Debug|Any CPU.ActiveCfg = Debug|Any CPU
		{6DA136D4-04C3-47B1-B79B-F9113514F2DE}.Debug|Any CPU.Build.0 = Debug|Any CPU
		{6DA136D4-04C3-47B1-B79B-F9113514F2DE}.Release|Any CPU.ActiveCfg = Release|Any CPU
		{6DA136D4-04C3-47B1-B79B-F9113514F2DE}.Release|Any CPU.Build.0 = Release|Any CPU
	EndGlobalSection
	GlobalSection(SolutionProperties) = preSolution
		HideSolutionNode = FALSE
	EndGlobalSection
	GlobalSection(ExtensibilityGlobals) = postSolution
		SolutionGuid = {C307302F-25B2-4667-90BC-68840AD14932}
	EndGlobalSection
EndGlobal
