
Microsoft Visual Studio Solution File, Format Version 12.00
# Visual Studio Version 16
VisualStudioVersion = 16.0.29709.97
MinimumVisualStudioVersion = 10.0.40219.1
Project("{FAE04EC0-301F-11D3-BF4B-00C04F79EFBC}") = "06. Courses", "06. Courses.csproj", "{3994B322-481F-4A24-9C63-56B25205FDA9}"
EndProject
Global
	GlobalSection(SolutionConfigurationPlatforms) = preSolution
		Debug|Any CPU = Debug|Any CPU
		Release|Any CPU = Release|Any CPU
	EndGlobalSection
	GlobalSection(ProjectConfigurationPlatforms) = postSolution
		{3994B322-481F-4A24-9C63-56B25205FDA9}.Debug|Any CPU.ActiveCfg = Debug|Any CPU
		{3994B322-481F-4A24-9C63-56B25205FDA9}.Debug|Any CPU.Build.0 = Debug|Any CPU
		{3994B322-481F-4A24-9C63-56B25205FDA9}.Release|Any CPU.ActiveCfg = Release|Any CPU
		{3994B322-481F-4A24-9C63-56B25205FDA9}.Release|Any CPU.Build.0 = Release|Any CPU
	EndGlobalSection
	GlobalSection(SolutionProperties) = preSolution
		HideSolutionNode = FALSE
	EndGlobalSection
	GlobalSection(ExtensibilityGlobals) = postSolution
		SolutionGuid = {890F1CB1-CEE2-4922-9CB6-0644177F23A0}
	EndGlobalSection
EndGlobal
