
Microsoft Visual Studio Solution File, Format Version 12.00
# Visual Studio Version 16
VisualStudioVersion = 16.0.29709.97
MinimumVisualStudioVersion = 10.0.40219.1
Project("{FAE04EC0-301F-11D3-BF4B-00C04F79EFBC}") = "01. Car Extensions", "01. Car Extensions.csproj", "{75E20B92-9A61-475A-BD28-8790517F5ABC}"
EndProject
Global
	GlobalSection(SolutionConfigurationPlatforms) = preSolution
		Debug|Any CPU = Debug|Any CPU
		Release|Any CPU = Release|Any CPU
	EndGlobalSection
	GlobalSection(ProjectConfigurationPlatforms) = postSolution
		{75E20B92-9A61-475A-BD28-8790517F5ABC}.Debug|Any CPU.ActiveCfg = Debug|Any CPU
		{75E20B92-9A61-475A-BD28-8790517F5ABC}.Debug|Any CPU.Build.0 = Debug|Any CPU
		{75E20B92-9A61-475A-BD28-8790517F5ABC}.Release|Any CPU.ActiveCfg = Release|Any CPU
		{75E20B92-9A61-475A-BD28-8790517F5ABC}.Release|Any CPU.Build.0 = Release|Any CPU
	EndGlobalSection
	GlobalSection(SolutionProperties) = preSolution
		HideSolutionNode = FALSE
	EndGlobalSection
	GlobalSection(ExtensibilityGlobals) = postSolution
		SolutionGuid = {472F8781-FEEC-448C-A7AF-B32CC114E115}
	EndGlobalSection
EndGlobal
