
Microsoft Visual Studio Solution File, Format Version 12.00
# Visual Studio Version 16
VisualStudioVersion = 16.0.29709.97
MinimumVisualStudioVersion = 10.0.40219.1
Project("{FAE04EC0-301F-11D3-BF4B-00C04F79EFBC}") = "04. First and Reserve Team", "04. First and Reserve Team.csproj", "{7DEA7EB3-AE70-4750-A97E-81846A4BB528}"
EndProject
Global
	GlobalSection(SolutionConfigurationPlatforms) = preSolution
		Debug|Any CPU = Debug|Any CPU
		Release|Any CPU = Release|Any CPU
	EndGlobalSection
	GlobalSection(ProjectConfigurationPlatforms) = postSolution
		{7DEA7EB3-AE70-4750-A97E-81846A4BB528}.Debug|Any CPU.ActiveCfg = Debug|Any CPU
		{7DEA7EB3-AE70-4750-A97E-81846A4BB528}.Debug|Any CPU.Build.0 = Debug|Any CPU
		{7DEA7EB3-AE70-4750-A97E-81846A4BB528}.Release|Any CPU.ActiveCfg = Release|Any CPU
		{7DEA7EB3-AE70-4750-A97E-81846A4BB528}.Release|Any CPU.Build.0 = Release|Any CPU
	EndGlobalSection
	GlobalSection(SolutionProperties) = preSolution
		HideSolutionNode = FALSE
	EndGlobalSection
	GlobalSection(ExtensibilityGlobals) = postSolution
		SolutionGuid = {D2282757-40A2-49D4-A89E-71F7EA523E77}
	EndGlobalSection
EndGlobal
