
Microsoft Visual Studio Solution File, Format Version 12.00
# Visual Studio Version 16
VisualStudioVersion = 16.0.29709.97
MinimumVisualStudioVersion = 10.0.40219.1
Project("{FAE04EC0-301F-11D3-BF4B-00C04F79EFBC}") = "02. Generic Swap Method Strings", "02. Generic Swap Method Strings.csproj", "{AFBE3091-5A4E-4115-BF49-AED364CF65EF}"
EndProject
Global
	GlobalSection(SolutionConfigurationPlatforms) = preSolution
		Debug|Any CPU = Debug|Any CPU
		Release|Any CPU = Release|Any CPU
	EndGlobalSection
	GlobalSection(ProjectConfigurationPlatforms) = postSolution
		{AFBE3091-5A4E-4115-BF49-AED364CF65EF}.Debug|Any CPU.ActiveCfg = Debug|Any CPU
		{AFBE3091-5A4E-4115-BF49-AED364CF65EF}.Debug|Any CPU.Build.0 = Debug|Any CPU
		{AFBE3091-5A4E-4115-BF49-AED364CF65EF}.Release|Any CPU.ActiveCfg = Release|Any CPU
		{AFBE3091-5A4E-4115-BF49-AED364CF65EF}.Release|Any CPU.Build.0 = Release|Any CPU
	EndGlobalSection
	GlobalSection(SolutionProperties) = preSolution
		HideSolutionNode = FALSE
	EndGlobalSection
	GlobalSection(ExtensibilityGlobals) = postSolution
		SolutionGuid = {86B028D6-6150-423D-ABE6-772C6FD2949A}
	EndGlobalSection
EndGlobal
