
Microsoft Visual Studio Solution File, Format Version 12.00
# Visual Studio Version 16
VisualStudioVersion = 16.0.29709.97
MinimumVisualStudioVersion = 10.0.40219.1
Project("{FAE04EC0-301F-11D3-BF4B-00C04F79EFBC}") = "02. Vehicles Extension", "02. Vehicles Extension.csproj", "{1E543D51-4310-4860-82B3-20B3D80D4A7B}"
EndProject
Global
	GlobalSection(SolutionConfigurationPlatforms) = preSolution
		Debug|Any CPU = Debug|Any CPU
		Release|Any CPU = Release|Any CPU
	EndGlobalSection
	GlobalSection(ProjectConfigurationPlatforms) = postSolution
		{1E543D51-4310-4860-82B3-20B3D80D4A7B}.Debug|Any CPU.ActiveCfg = Debug|Any CPU
		{1E543D51-4310-4860-82B3-20B3D80D4A7B}.Debug|Any CPU.Build.0 = Debug|Any CPU
		{1E543D51-4310-4860-82B3-20B3D80D4A7B}.Release|Any CPU.ActiveCfg = Release|Any CPU
		{1E543D51-4310-4860-82B3-20B3D80D4A7B}.Release|Any CPU.Build.0 = Release|Any CPU
	EndGlobalSection
	GlobalSection(SolutionProperties) = preSolution
		HideSolutionNode = FALSE
	EndGlobalSection
	GlobalSection(ExtensibilityGlobals) = postSolution
		SolutionGuid = {AF2283AD-388B-4ECF-9620-12A6BCB645D5}
	EndGlobalSection
EndGlobal
