
Microsoft Visual Studio Solution File, Format Version 12.00
# Visual Studio Version 16
VisualStudioVersion = 16.0.29709.97
MinimumVisualStudioVersion = 10.0.40219.1
Project("{FAE04EC0-301F-11D3-BF4B-00C04F79EFBC}") = "01. NUnit_Test", "01. NUnit_Test.csproj", "{D514725E-C2D7-437A-BE8A-894E7DAE6469}"
EndProject
Project("{FAE04EC0-301F-11D3-BF4B-00C04F79EFBC}") = "BankAccount.Tests", "..\BankAccount.Tests\BankAccount.Tests.csproj", "{0A5F68E1-19A2-429A-81C3-D6359A4E509E}"
EndProject
Global
	GlobalSection(SolutionConfigurationPlatforms) = preSolution
		Debug|Any CPU = Debug|Any CPU
		Release|Any CPU = Release|Any CPU
	EndGlobalSection
	GlobalSection(ProjectConfigurationPlatforms) = postSolution
		{D514725E-C2D7-437A-BE8A-894E7DAE6469}.Debug|Any CPU.ActiveCfg = Debug|Any CPU
		{D514725E-C2D7-437A-BE8A-894E7DAE6469}.Debug|Any CPU.Build.0 = Debug|Any CPU
		{D514725E-C2D7-437A-BE8A-894E7DAE6469}.Release|Any CPU.ActiveCfg = Release|Any CPU
		{D514725E-C2D7-437A-BE8A-894E7DAE6469}.Release|Any CPU.Build.0 = Release|Any CPU
		{0A5F68E1-19A2-429A-81C3-D6359A4E509E}.Debug|Any CPU.ActiveCfg = Debug|Any CPU
		{0A5F68E1-19A2-429A-81C3-D6359A4E509E}.Debug|Any CPU.Build.0 = Debug|Any CPU
		{0A5F68E1-19A2-429A-81C3-D6359A4E509E}.Release|Any CPU.ActiveCfg = Release|Any CPU
		{0A5F68E1-19A2-429A-81C3-D6359A4E509E}.Release|Any CPU.Build.0 = Release|Any CPU
	EndGlobalSection
	GlobalSection(SolutionProperties) = preSolution
		HideSolutionNode = FALSE
	EndGlobalSection
	GlobalSection(ExtensibilityGlobals) = postSolution
		SolutionGuid = {E423763F-4C47-4848-BC2C-90DB39E91F00}
	EndGlobalSection
EndGlobal
