
Microsoft Visual Studio Solution File, Format Version 12.00
# Visual Studio Version 16
VisualStudioVersion = 16.0.29709.97
MinimumVisualStudioVersion = 10.0.40219.1
Project("{FAE04EC0-301F-11D3-BF4B-00C04F79EFBC}") = "02. English Name of the Last Digit", "02. English Name of the Last Digit.csproj", "{DF3AE76C-098B-4B49-B822-21A314DA556E}"
EndProject
Global
	GlobalSection(SolutionConfigurationPlatforms) = preSolution
		Debug|Any CPU = Debug|Any CPU
		Release|Any CPU = Release|Any CPU
	EndGlobalSection
	GlobalSection(ProjectConfigurationPlatforms) = postSolution
		{DF3AE76C-098B-4B49-B822-21A314DA556E}.Debug|Any CPU.ActiveCfg = Debug|Any CPU
		{DF3AE76C-098B-4B49-B822-21A314DA556E}.Debug|Any CPU.Build.0 = Debug|Any CPU
		{DF3AE76C-098B-4B49-B822-21A314DA556E}.Release|Any CPU.ActiveCfg = Release|Any CPU
		{DF3AE76C-098B-4B49-B822-21A314DA556E}.Release|Any CPU.Build.0 = Release|Any CPU
	EndGlobalSection
	GlobalSection(SolutionProperties) = preSolution
		HideSolutionNode = FALSE
	EndGlobalSection
	GlobalSection(ExtensibilityGlobals) = postSolution
		SolutionGuid = {25E8A749-1CC1-4829-83A3-387201CDB441}
	EndGlobalSection
EndGlobal
