
Microsoft Visual Studio Solution File, Format Version 12.00
# Visual Studio Version 16
VisualStudioVersion = 16.0.29709.97
MinimumVisualStudioVersion = 10.0.40219.1
Project("{FAE04EC0-301F-11D3-BF4B-00C04F79EFBC}") = "02. Recursive Tutorial", "02. Recursive Tutorial.csproj", "{3AC5A6D3-FC08-4FC2-9651-2BA692C6178A}"
EndProject
Global
	GlobalSection(SolutionConfigurationPlatforms) = preSolution
		Debug|Any CPU = Debug|Any CPU
		Release|Any CPU = Release|Any CPU
	EndGlobalSection
	GlobalSection(ProjectConfigurationPlatforms) = postSolution
		{3AC5A6D3-FC08-4FC2-9651-2BA692C6178A}.Debug|Any CPU.ActiveCfg = Debug|Any CPU
		{3AC5A6D3-FC08-4FC2-9651-2BA692C6178A}.Debug|Any CPU.Build.0 = Debug|Any CPU
		{3AC5A6D3-FC08-4FC2-9651-2BA692C6178A}.Release|Any CPU.ActiveCfg = Release|Any CPU
		{3AC5A6D3-FC08-4FC2-9651-2BA692C6178A}.Release|Any CPU.Build.0 = Release|Any CPU
	EndGlobalSection
	GlobalSection(SolutionProperties) = preSolution
		HideSolutionNode = FALSE
	EndGlobalSection
	GlobalSection(ExtensibilityGlobals) = postSolution
		SolutionGuid = {D4194E11-056C-493C-954D-A6A505AAED0A}
	EndGlobalSection
EndGlobal
