
Microsoft Visual Studio Solution File, Format Version 12.00
# Visual Studio Version 16
VisualStudioVersion = 16.0.29709.97
MinimumVisualStudioVersion = 10.0.40219.1
Project("{FAE04EC0-301F-11D3-BF4B-00C04F79EFBC}") = "10. Rage Expenses", "10. Rage Expenses.csproj", "{ECB114D1-32BA-4782-B8A6-456470587F12}"
EndProject
Global
	GlobalSection(SolutionConfigurationPlatforms) = preSolution
		Debug|Any CPU = Debug|Any CPU
		Release|Any CPU = Release|Any CPU
	EndGlobalSection
	GlobalSection(ProjectConfigurationPlatforms) = postSolution
		{ECB114D1-32BA-4782-B8A6-456470587F12}.Debug|Any CPU.ActiveCfg = Debug|Any CPU
		{ECB114D1-32BA-4782-B8A6-456470587F12}.Debug|Any CPU.Build.0 = Debug|Any CPU
		{ECB114D1-32BA-4782-B8A6-456470587F12}.Release|Any CPU.ActiveCfg = Release|Any CPU
		{ECB114D1-32BA-4782-B8A6-456470587F12}.Release|Any CPU.Build.0 = Release|Any CPU
	EndGlobalSection
	GlobalSection(SolutionProperties) = preSolution
		HideSolutionNode = FALSE
	EndGlobalSection
	GlobalSection(ExtensibilityGlobals) = postSolution
		SolutionGuid = {02737CE4-7C2E-489D-9746-FF3E07DAD1B4}
	EndGlobalSection
EndGlobal
