
Microsoft Visual Studio Solution File, Format Version 12.00
# Visual Studio Version 16
VisualStudioVersion = 16.0.29709.97
MinimumVisualStudioVersion = 10.0.40219.1
Project("{FAE04EC0-301F-11D3-BF4B-00C04F79EFBC}") = "01. Sort Even Numbers", "01. Sort Even Numbers.csproj", "{420C3FCE-1FCD-4C60-BAE6-58FC9E49B6D7}"
EndProject
Global
	GlobalSection(SolutionConfigurationPlatforms) = preSolution
		Debug|Any CPU = Debug|Any CPU
		Release|Any CPU = Release|Any CPU
	EndGlobalSection
	GlobalSection(ProjectConfigurationPlatforms) = postSolution
		{420C3FCE-1FCD-4C60-BAE6-58FC9E49B6D7}.Debug|Any CPU.ActiveCfg = Debug|Any CPU
		{420C3FCE-1FCD-4C60-BAE6-58FC9E49B6D7}.Debug|Any CPU.Build.0 = Debug|Any CPU
		{420C3FCE-1FCD-4C60-BAE6-58FC9E49B6D7}.Release|Any CPU.ActiveCfg = Release|Any CPU
		{420C3FCE-1FCD-4C60-BAE6-58FC9E49B6D7}.Release|Any CPU.Build.0 = Release|Any CPU
	EndGlobalSection
	GlobalSection(SolutionProperties) = preSolution
		HideSolutionNode = FALSE
	EndGlobalSection
	GlobalSection(ExtensibilityGlobals) = postSolution
		SolutionGuid = {994A9D80-4A86-45DB-B65D-EBA079B05503}
	EndGlobalSection
EndGlobal
