
Microsoft Visual Studio Solution File, Format Version 12.00
# Visual Studio Version 16
VisualStudioVersion = 16.0.29709.97
MinimumVisualStudioVersion = 10.0.40219.1
Project("{FAE04EC0-301F-11D3-BF4B-00C04F79EFBC}") = "08. Divisible by 3", "08. Divisible by 3.csproj", "{7C9C218A-5D92-4258-99C9-6F5452DEA907}"
EndProject
Global
	GlobalSection(SolutionConfigurationPlatforms) = preSolution
		Debug|Any CPU = Debug|Any CPU
		Release|Any CPU = Release|Any CPU
	EndGlobalSection
	GlobalSection(ProjectConfigurationPlatforms) = postSolution
		{7C9C218A-5D92-4258-99C9-6F5452DEA907}.Debug|Any CPU.ActiveCfg = Debug|Any CPU
		{7C9C218A-5D92-4258-99C9-6F5452DEA907}.Debug|Any CPU.Build.0 = Debug|Any CPU
		{7C9C218A-5D92-4258-99C9-6F5452DEA907}.Release|Any CPU.ActiveCfg = Release|Any CPU
		{7C9C218A-5D92-4258-99C9-6F5452DEA907}.Release|Any CPU.Build.0 = Release|Any CPU
	EndGlobalSection
	GlobalSection(SolutionProperties) = preSolution
		HideSolutionNode = FALSE
	EndGlobalSection
	GlobalSection(ExtensibilityGlobals) = postSolution
		SolutionGuid = {FBD481B8-2B4C-4DCB-9B5C-EC101D813667}
	EndGlobalSection
EndGlobal
