
Microsoft Visual Studio Solution File, Format Version 12.00
# Visual Studio Version 16
VisualStudioVersion = 16.0.29709.97
MinimumVisualStudioVersion = 10.0.40219.1
Project("{FAE04EC0-301F-11D3-BF4B-00C04F79EFBC}") = "03. Maximum and Minimum Element", "03. Maximum and Minimum Element.csproj", "{8FFA395B-7426-4981-87FB-C54C81F9C887}"
EndProject
Global
	GlobalSection(SolutionConfigurationPlatforms) = preSolution
		Debug|Any CPU = Debug|Any CPU
		Release|Any CPU = Release|Any CPU
	EndGlobalSection
	GlobalSection(ProjectConfigurationPlatforms) = postSolution
		{8FFA395B-7426-4981-87FB-C54C81F9C887}.Debug|Any CPU.ActiveCfg = Debug|Any CPU
		{8FFA395B-7426-4981-87FB-C54C81F9C887}.Debug|Any CPU.Build.0 = Debug|Any CPU
		{8FFA395B-7426-4981-87FB-C54C81F9C887}.Release|Any CPU.ActiveCfg = Release|Any CPU
		{8FFA395B-7426-4981-87FB-C54C81F9C887}.Release|Any CPU.Build.0 = Release|Any CPU
	EndGlobalSection
	GlobalSection(SolutionProperties) = preSolution
		HideSolutionNode = FALSE
	EndGlobalSection
	GlobalSection(ExtensibilityGlobals) = postSolution
		SolutionGuid = {308FD219-F9BF-4BEE-B1DF-36E3A20BEB2B}
	EndGlobalSection
EndGlobal
