
Microsoft Visual Studio Solution File, Format Version 12.00
# Visual Studio Version 16
VisualStudioVersion = 16.0.29709.97
MinimumVisualStudioVersion = 10.0.40219.1
Project("{FAE04EC0-301F-11D3-BF4B-00C04F79EFBC}") = "03. Characters in Range", "03. Characters in Range.csproj", "{978CFE44-DCDF-4B2B-9E78-9E41A03FF94D}"
EndProject
Global
	GlobalSection(SolutionConfigurationPlatforms) = preSolution
		Debug|Any CPU = Debug|Any CPU
		Release|Any CPU = Release|Any CPU
	EndGlobalSection
	GlobalSection(ProjectConfigurationPlatforms) = postSolution
		{978CFE44-DCDF-4B2B-9E78-9E41A03FF94D}.Debug|Any CPU.ActiveCfg = Debug|Any CPU
		{978CFE44-DCDF-4B2B-9E78-9E41A03FF94D}.Debug|Any CPU.Build.0 = Debug|Any CPU
		{978CFE44-DCDF-4B2B-9E78-9E41A03FF94D}.Release|Any CPU.ActiveCfg = Release|Any CPU
		{978CFE44-DCDF-4B2B-9E78-9E41A03FF94D}.Release|Any CPU.Build.0 = Release|Any CPU
	EndGlobalSection
	GlobalSection(SolutionProperties) = preSolution
		HideSolutionNode = FALSE
	EndGlobalSection
	GlobalSection(ExtensibilityGlobals) = postSolution
		SolutionGuid = {5D0A0DAE-2D25-4729-89DC-0BF2911987B3}
	EndGlobalSection
EndGlobal
