
Microsoft Visual Studio Solution File, Format Version 12.00
# Visual Studio Version 16
VisualStudioVersion = 16.0.29709.97
MinimumVisualStudioVersion = 10.0.40219.1
Project("{FAE04EC0-301F-11D3-BF4B-00C04F79EFBC}") = "02. Pounds to Dollars", "02. Pounds to Dollars.csproj", "{C18824AF-2DC6-4163-A5A5-9E21BE7387B4}"
EndProject
Global
	GlobalSection(SolutionConfigurationPlatforms) = preSolution
		Debug|Any CPU = Debug|Any CPU
		Release|Any CPU = Release|Any CPU
	EndGlobalSection
	GlobalSection(ProjectConfigurationPlatforms) = postSolution
		{C18824AF-2DC6-4163-A5A5-9E21BE7387B4}.Debug|Any CPU.ActiveCfg = Debug|Any CPU
		{C18824AF-2DC6-4163-A5A5-9E21BE7387B4}.Debug|Any CPU.Build.0 = Debug|Any CPU
		{C18824AF-2DC6-4163-A5A5-9E21BE7387B4}.Release|Any CPU.ActiveCfg = Release|Any CPU
		{C18824AF-2DC6-4163-A5A5-9E21BE7387B4}.Release|Any CPU.Build.0 = Release|Any CPU
	EndGlobalSection
	GlobalSection(SolutionProperties) = preSolution
		HideSolutionNode = FALSE
	EndGlobalSection
	GlobalSection(ExtensibilityGlobals) = postSolution
		SolutionGuid = {BB561EFD-A73B-44EC-A6E6-A6F47516780E}
	EndGlobalSection
EndGlobal
