
Microsoft Visual Studio Solution File, Format Version 12.00
# Visual Studio Version 16
VisualStudioVersion = 16.0.29709.97
MinimumVisualStudioVersion = 10.0.40219.1
Project("{FAE04EC0-301F-11D3-BF4B-00C04F79EFBC}") = "06. Jagged Array Manupilator", "06. Jagged Array Manupilator.csproj", "{AA3FAFD5-5252-49AA-82CF-7C250B354B44}"
EndProject
Global
	GlobalSection(SolutionConfigurationPlatforms) = preSolution
		Debug|Any CPU = Debug|Any CPU
		Release|Any CPU = Release|Any CPU
	EndGlobalSection
	GlobalSection(ProjectConfigurationPlatforms) = postSolution
		{AA3FAFD5-5252-49AA-82CF-7C250B354B44}.Debug|Any CPU.ActiveCfg = Debug|Any CPU
		{AA3FAFD5-5252-49AA-82CF-7C250B354B44}.Debug|Any CPU.Build.0 = Debug|Any CPU
		{AA3FAFD5-5252-49AA-82CF-7C250B354B44}.Release|Any CPU.ActiveCfg = Release|Any CPU
		{AA3FAFD5-5252-49AA-82CF-7C250B354B44}.Release|Any CPU.Build.0 = Release|Any CPU
	EndGlobalSection
	GlobalSection(SolutionProperties) = preSolution
		HideSolutionNode = FALSE
	EndGlobalSection
	GlobalSection(ExtensibilityGlobals) = postSolution
		SolutionGuid = {0C23C9EF-1AED-406E-9F68-CBF340ED931D}
	EndGlobalSection
EndGlobal
