
Microsoft Visual Studio Solution File, Format Version 12.00
# Visual Studio Version 16
VisualStudioVersion = 16.0.29709.97
MinimumVisualStudioVersion = 10.0.40219.1
Project("{FAE04EC0-301F-11D3-BF4B-00C04F79EFBC}") = "04. Reverse String", "04. Reverse String.csproj", "{F8FC29A0-39E7-42A7-BE5F-5FCAAEECC583}"
EndProject
Global
	GlobalSection(SolutionConfigurationPlatforms) = preSolution
		Debug|Any CPU = Debug|Any CPU
		Release|Any CPU = Release|Any CPU
	EndGlobalSection
	GlobalSection(ProjectConfigurationPlatforms) = postSolution
		{F8FC29A0-39E7-42A7-BE5F-5FCAAEECC583}.Debug|Any CPU.ActiveCfg = Debug|Any CPU
		{F8FC29A0-39E7-42A7-BE5F-5FCAAEECC583}.Debug|Any CPU.Build.0 = Debug|Any CPU
		{F8FC29A0-39E7-42A7-BE5F-5FCAAEECC583}.Release|Any CPU.ActiveCfg = Release|Any CPU
		{F8FC29A0-39E7-42A7-BE5F-5FCAAEECC583}.Release|Any CPU.Build.0 = Release|Any CPU
	EndGlobalSection
	GlobalSection(SolutionProperties) = preSolution
		HideSolutionNode = FALSE
	EndGlobalSection
	GlobalSection(ExtensibilityGlobals) = postSolution
		SolutionGuid = {A929BA69-7A01-43AA-A775-3AED806043AC}
	EndGlobalSection
EndGlobal
