
Microsoft Visual Studio Solution File, Format Version 12.00
# Visual Studio Version 16
VisualStudioVersion = 16.0.29709.97
MinimumVisualStudioVersion = 10.0.40219.1
Project("{FAE04EC0-301F-11D3-BF4B-00C04F79EFBC}") = "Exam Preparation", "Exam Preparation.csproj", "{1C5B75CC-C62D-491E-B6C3-9E62911B6AC7}"
EndProject
Global
	GlobalSection(SolutionConfigurationPlatforms) = preSolution
		Debug|Any CPU = Debug|Any CPU
		Release|Any CPU = Release|Any CPU
	EndGlobalSection
	GlobalSection(ProjectConfigurationPlatforms) = postSolution
		{1C5B75CC-C62D-491E-B6C3-9E62911B6AC7}.Debug|Any CPU.ActiveCfg = Debug|Any CPU
		{1C5B75CC-C62D-491E-B6C3-9E62911B6AC7}.Debug|Any CPU.Build.0 = Debug|Any CPU
		{1C5B75CC-C62D-491E-B6C3-9E62911B6AC7}.Release|Any CPU.ActiveCfg = Release|Any CPU
		{1C5B75CC-C62D-491E-B6C3-9E62911B6AC7}.Release|Any CPU.Build.0 = Release|Any CPU
	EndGlobalSection
	GlobalSection(SolutionProperties) = preSolution
		HideSolutionNode = FALSE
	EndGlobalSection
	GlobalSection(ExtensibilityGlobals) = postSolution
		SolutionGuid = {6D0D8627-E513-410A-B542-0D69CF9449B7}
	EndGlobalSection
EndGlobal
