
Microsoft Visual Studio Solution File, Format Version 12.00
# Visual Studio Version 16
VisualStudioVersion = 16.0.29709.97
MinimumVisualStudioVersion = 10.0.40219.1
Project("{FAE04EC0-301F-11D3-BF4B-00C04F79EFBC}") = "02. Creating Constructors", "02. Creating Constructors.csproj", "{EBDBEB1A-67EE-4D39-AA49-07CFE974B745}"
EndProject
Global
	GlobalSection(SolutionConfigurationPlatforms) = preSolution
		Debug|Any CPU = Debug|Any CPU
		Release|Any CPU = Release|Any CPU
	EndGlobalSection
	GlobalSection(ProjectConfigurationPlatforms) = postSolution
		{EBDBEB1A-67EE-4D39-AA49-07CFE974B745}.Debug|Any CPU.ActiveCfg = Debug|Any CPU
		{EBDBEB1A-67EE-4D39-AA49-07CFE974B745}.Debug|Any CPU.Build.0 = Debug|Any CPU
		{EBDBEB1A-67EE-4D39-AA49-07CFE974B745}.Release|Any CPU.ActiveCfg = Release|Any CPU
		{EBDBEB1A-67EE-4D39-AA49-07CFE974B745}.Release|Any CPU.Build.0 = Release|Any CPU
	EndGlobalSection
	GlobalSection(SolutionProperties) = preSolution
		HideSolutionNode = FALSE
	EndGlobalSection
	GlobalSection(ExtensibilityGlobals) = postSolution
		SolutionGuid = {CB07EA81-924A-43DA-8ED6-E9D464174E6D}
	EndGlobalSection
EndGlobal
