
Microsoft Visual Studio Solution File, Format Version 12.00
# Visual Studio Version 16
VisualStudioVersion = 16.0.29709.97
MinimumVisualStudioVersion = 10.0.40219.1
Project("{FAE04EC0-301F-11D3-BF4B-00C04F79EFBC}") = "01. Person", "01. Person.csproj", "{5D548F14-75F8-435D-85C0-C185ABFA64DF}"
EndProject
Global
	GlobalSection(SolutionConfigurationPlatforms) = preSolution
		Debug|Any CPU = Debug|Any CPU
		Release|Any CPU = Release|Any CPU
	EndGlobalSection
	GlobalSection(ProjectConfigurationPlatforms) = postSolution
		{5D548F14-75F8-435D-85C0-C185ABFA64DF}.Debug|Any CPU.ActiveCfg = Debug|Any CPU
		{5D548F14-75F8-435D-85C0-C185ABFA64DF}.Debug|Any CPU.Build.0 = Debug|Any CPU
		{5D548F14-75F8-435D-85C0-C185ABFA64DF}.Release|Any CPU.ActiveCfg = Release|Any CPU
		{5D548F14-75F8-435D-85C0-C185ABFA64DF}.Release|Any CPU.Build.0 = Release|Any CPU
	EndGlobalSection
	GlobalSection(SolutionProperties) = preSolution
		HideSolutionNode = FALSE
	EndGlobalSection
	GlobalSection(ExtensibilityGlobals) = postSolution
		SolutionGuid = {130A0026-4D8A-4B42-BF5E-5346C77BEE61}
	EndGlobalSection
EndGlobal
