
Microsoft Visual Studio Solution File, Format Version 12.00
# Visual Studio Version 16
VisualStudioVersion = 16.0.29709.97
MinimumVisualStudioVersion = 10.0.40219.1
Project("{FAE04EC0-301F-11D3-BF4B-00C04F79EFBC}") = "05. SoftUni Parking", "05. SoftUni Parking.csproj", "{91ADF708-D811-4518-98B5-F1030753FCB8}"
EndProject
Global
	GlobalSection(SolutionConfigurationPlatforms) = preSolution
		Debug|Any CPU = Debug|Any CPU
		Release|Any CPU = Release|Any CPU
	EndGlobalSection
	GlobalSection(ProjectConfigurationPlatforms) = postSolution
		{91ADF708-D811-4518-98B5-F1030753FCB8}.Debug|Any CPU.ActiveCfg = Debug|Any CPU
		{91ADF708-D811-4518-98B5-F1030753FCB8}.Debug|Any CPU.Build.0 = Debug|Any CPU
		{91ADF708-D811-4518-98B5-F1030753FCB8}.Release|Any CPU.ActiveCfg = Release|Any CPU
		{91ADF708-D811-4518-98B5-F1030753FCB8}.Release|Any CPU.Build.0 = Release|Any CPU
	EndGlobalSection
	GlobalSection(SolutionProperties) = preSolution
		HideSolutionNode = FALSE
	EndGlobalSection
	GlobalSection(ExtensibilityGlobals) = postSolution
		SolutionGuid = {40C0B3B0-C78A-4FEC-868F-9E9ABA5647BD}
	EndGlobalSection
EndGlobal
