
Microsoft Visual Studio Solution File, Format Version 12.00
# Visual Studio Version 16
VisualStudioVersion = 16.0.29709.97
MinimumVisualStudioVersion = 10.0.40219.1
Project("{FAE04EC0-301F-11D3-BF4B-00C04F79EFBC}") = "07. String Explosion", "07. String Explosion.csproj", "{FCB445FC-64EC-492D-B0D7-0CC48AA730CA}"
EndProject
Global
	GlobalSection(SolutionConfigurationPlatforms) = preSolution
		Debug|Any CPU = Debug|Any CPU
		Release|Any CPU = Release|Any CPU
	EndGlobalSection
	GlobalSection(ProjectConfigurationPlatforms) = postSolution
		{FCB445FC-64EC-492D-B0D7-0CC48AA730CA}.Debug|Any CPU.ActiveCfg = Debug|Any CPU
		{FCB445FC-64EC-492D-B0D7-0CC48AA730CA}.Debug|Any CPU.Build.0 = Debug|Any CPU
		{FCB445FC-64EC-492D-B0D7-0CC48AA730CA}.Release|Any CPU.ActiveCfg = Release|Any CPU
		{FCB445FC-64EC-492D-B0D7-0CC48AA730CA}.Release|Any CPU.Build.0 = Release|Any CPU
	EndGlobalSection
	GlobalSection(SolutionProperties) = preSolution
		HideSolutionNode = FALSE
	EndGlobalSection
	GlobalSection(ExtensibilityGlobals) = postSolution
		SolutionGuid = {8A437B70-0FD2-4190-8663-23E14406EE14}
	EndGlobalSection
EndGlobal
