
Microsoft Visual Studio Solution File, Format Version 12.00
# Visual Studio Version 16
VisualStudioVersion = 16.0.29709.97
MinimumVisualStudioVersion = 10.0.40219.1
Project("{FAE04EC0-301F-11D3-BF4B-00C04F79EFBC}") = "04. Find Evens or Odds", "04. Find Evens or Odds.csproj", "{F66E1672-620E-42C0-95F9-69644F2D5737}"
EndProject
Global
	GlobalSection(SolutionConfigurationPlatforms) = preSolution
		Debug|Any CPU = Debug|Any CPU
		Release|Any CPU = Release|Any CPU
	EndGlobalSection
	GlobalSection(ProjectConfigurationPlatforms) = postSolution
		{F66E1672-620E-42C0-95F9-69644F2D5737}.Debug|Any CPU.ActiveCfg = Debug|Any CPU
		{F66E1672-620E-42C0-95F9-69644F2D5737}.Debug|Any CPU.Build.0 = Debug|Any CPU
		{F66E1672-620E-42C0-95F9-69644F2D5737}.Release|Any CPU.ActiveCfg = Release|Any CPU
		{F66E1672-620E-42C0-95F9-69644F2D5737}.Release|Any CPU.Build.0 = Release|Any CPU
	EndGlobalSection
	GlobalSection(SolutionProperties) = preSolution
		HideSolutionNode = FALSE
	EndGlobalSection
	GlobalSection(ExtensibilityGlobals) = postSolution
		SolutionGuid = {6127ED76-3C9A-49B2-80D9-FDE037760C71}
	EndGlobalSection
EndGlobal
