
Microsoft Visual Studio Solution File, Format Version 12.00
# Visual Studio Version 16
VisualStudioVersion = 16.0.29709.97
MinimumVisualStudioVersion = 10.0.40219.1
Project("{FAE04EC0-301F-11D3-BF4B-00C04F79EFBC}") = "02. 2X2 Squares in Matrix", "02. 2X2 Squares in Matrix.csproj", "{BE8AA676-DF9C-4C22-BFC1-24E984A732CF}"
EndProject
Global
	GlobalSection(SolutionConfigurationPlatforms) = preSolution
		Debug|Any CPU = Debug|Any CPU
		Release|Any CPU = Release|Any CPU
	EndGlobalSection
	GlobalSection(ProjectConfigurationPlatforms) = postSolution
		{BE8AA676-DF9C-4C22-BFC1-24E984A732CF}.Debug|Any CPU.ActiveCfg = Debug|Any CPU
		{BE8AA676-DF9C-4C22-BFC1-24E984A732CF}.Debug|Any CPU.Build.0 = Debug|Any CPU
		{BE8AA676-DF9C-4C22-BFC1-24E984A732CF}.Release|Any CPU.ActiveCfg = Release|Any CPU
		{BE8AA676-DF9C-4C22-BFC1-24E984A732CF}.Release|Any CPU.Build.0 = Release|Any CPU
	EndGlobalSection
	GlobalSection(SolutionProperties) = preSolution
		HideSolutionNode = FALSE
	EndGlobalSection
	GlobalSection(ExtensibilityGlobals) = postSolution
		SolutionGuid = {36BCE471-B3F8-41FC-826C-D80461ACDE2D}
	EndGlobalSection
EndGlobal
