
Microsoft Visual Studio Solution File, Format Version 12.00
# Visual Studio Version 16
VisualStudioVersion = 16.0.29709.97
MinimumVisualStudioVersion = 10.0.40219.1
Project("{FAE04EC0-301F-11D3-BF4B-00C04F79EFBC}") = "09. List of Predicates", "09. List of Predicates.csproj", "{3AF4E48A-1670-45F9-828A-D3E0680B411C}"
EndProject
Global
	GlobalSection(SolutionConfigurationPlatforms) = preSolution
		Debug|Any CPU = Debug|Any CPU
		Release|Any CPU = Release|Any CPU
	EndGlobalSection
	GlobalSection(ProjectConfigurationPlatforms) = postSolution
		{3AF4E48A-1670-45F9-828A-D3E0680B411C}.Debug|Any CPU.ActiveCfg = Debug|Any CPU
		{3AF4E48A-1670-45F9-828A-D3E0680B411C}.Debug|Any CPU.Build.0 = Debug|Any CPU
		{3AF4E48A-1670-45F9-828A-D3E0680B411C}.Release|Any CPU.ActiveCfg = Release|Any CPU
		{3AF4E48A-1670-45F9-828A-D3E0680B411C}.Release|Any CPU.Build.0 = Release|Any CPU
	EndGlobalSection
	GlobalSection(SolutionProperties) = preSolution
		HideSolutionNode = FALSE
	EndGlobalSection
	GlobalSection(ExtensibilityGlobals) = postSolution
		SolutionGuid = {7EF2D4E9-06DA-400E-8250-73C61A320321}
	EndGlobalSection
EndGlobal
