
Microsoft Visual Studio Solution File, Format Version 12.00
# Visual Studio Version 16
VisualStudioVersion = 16.0.29709.97
MinimumVisualStudioVersion = 10.0.40219.1
Project("{FAE04EC0-301F-11D3-BF4B-00C04F79EFBC}") = "4. Array Rotation", "4. Array Rotation.csproj", "{E185F268-F6B7-4BBE-A0BE-74E4F6FF1EC0}"
EndProject
Global
	GlobalSection(SolutionConfigurationPlatforms) = preSolution
		Debug|Any CPU = Debug|Any CPU
		Release|Any CPU = Release|Any CPU
	EndGlobalSection
	GlobalSection(ProjectConfigurationPlatforms) = postSolution
		{E185F268-F6B7-4BBE-A0BE-74E4F6FF1EC0}.Debug|Any CPU.ActiveCfg = Debug|Any CPU
		{E185F268-F6B7-4BBE-A0BE-74E4F6FF1EC0}.Debug|Any CPU.Build.0 = Debug|Any CPU
		{E185F268-F6B7-4BBE-A0BE-74E4F6FF1EC0}.Release|Any CPU.ActiveCfg = Release|Any CPU
		{E185F268-F6B7-4BBE-A0BE-74E4F6FF1EC0}.Release|Any CPU.Build.0 = Release|Any CPU
	EndGlobalSection
	GlobalSection(SolutionProperties) = preSolution
		HideSolutionNode = FALSE
	EndGlobalSection
	GlobalSection(ExtensibilityGlobals) = postSolution
		SolutionGuid = {F7BD9093-E8C5-4B5B-9035-5E073F89F9AB}
	EndGlobalSection
EndGlobal
