
Microsoft Visual Studio Solution File, Format Version 12.00
# Visual Studio Version 16
VisualStudioVersion = 16.0.29709.97
MinimumVisualStudioVersion = 10.0.40219.1
Project("{FAE04EC0-301F-11D3-BF4B-00C04F79EFBC}") = "05. Date Modifier", "05. Date Modifier.csproj", "{9714DEF7-8F79-4F5E-BDCF-A43585A06511}"
EndProject
Global
	GlobalSection(SolutionConfigurationPlatforms) = preSolution
		Debug|Any CPU = Debug|Any CPU
		Release|Any CPU = Release|Any CPU
	EndGlobalSection
	GlobalSection(ProjectConfigurationPlatforms) = postSolution
		{9714DEF7-8F79-4F5E-BDCF-A43585A06511}.Debug|Any CPU.ActiveCfg = Debug|Any CPU
		{9714DEF7-8F79-4F5E-BDCF-A43585A06511}.Debug|Any CPU.Build.0 = Debug|Any CPU
		{9714DEF7-8F79-4F5E-BDCF-A43585A06511}.Release|Any CPU.ActiveCfg = Release|Any CPU
		{9714DEF7-8F79-4F5E-BDCF-A43585A06511}.Release|Any CPU.Build.0 = Release|Any CPU
	EndGlobalSection
	GlobalSection(SolutionProperties) = preSolution
		HideSolutionNode = FALSE
	EndGlobalSection
	GlobalSection(ExtensibilityGlobals) = postSolution
		SolutionGuid = {655BA72B-103B-4D99-853B-22AFBDE848C9}
	EndGlobalSection
EndGlobal
