
Microsoft Visual Studio Solution File, Format Version 12.00
# Visual Studio Version 16
VisualStudioVersion = 16.0.29709.97
MinimumVisualStudioVersion = 10.0.40219.1
Project("{FAE04EC0-301F-11D3-BF4B-00C04F79EFBC}") = "10. LadyBugs", "10. LadyBugs.csproj", "{9FDA602C-E852-40D6-AD6D-5A3CFF5D1D52}"
EndProject
Global
	GlobalSection(SolutionConfigurationPlatforms) = preSolution
		Debug|Any CPU = Debug|Any CPU
		Release|Any CPU = Release|Any CPU
	EndGlobalSection
	GlobalSection(ProjectConfigurationPlatforms) = postSolution
		{9FDA602C-E852-40D6-AD6D-5A3CFF5D1D52}.Debug|Any CPU.ActiveCfg = Debug|Any CPU
		{9FDA602C-E852-40D6-AD6D-5A3CFF5D1D52}.Debug|Any CPU.Build.0 = Debug|Any CPU
		{9FDA602C-E852-40D6-AD6D-5A3CFF5D1D52}.Release|Any CPU.ActiveCfg = Release|Any CPU
		{9FDA602C-E852-40D6-AD6D-5A3CFF5D1D52}.Release|Any CPU.Build.0 = Release|Any CPU
	EndGlobalSection
	GlobalSection(SolutionProperties) = preSolution
		HideSolutionNode = FALSE
	EndGlobalSection
	GlobalSection(ExtensibilityGlobals) = postSolution
		SolutionGuid = {565845D5-AEA2-44D1-B6C7-B9E70192E074}
	EndGlobalSection
EndGlobal
