
Microsoft Visual Studio Solution File, Format Version 12.00
# Visual Studio Version 16
VisualStudioVersion = 16.0.29709.97
MinimumVisualStudioVersion = 10.0.40219.1
Project("{FAE04EC0-301F-11D3-BF4B-00C04F79EFBC}") = "01. Action Point", "01. Action Point.csproj", "{9FA9C32C-84BF-421E-BD45-8F7EF4AA6BA7}"
EndProject
Global
	GlobalSection(SolutionConfigurationPlatforms) = preSolution
		Debug|Any CPU = Debug|Any CPU
		Release|Any CPU = Release|Any CPU
	EndGlobalSection
	GlobalSection(ProjectConfigurationPlatforms) = postSolution
		{9FA9C32C-84BF-421E-BD45-8F7EF4AA6BA7}.Debug|Any CPU.ActiveCfg = Debug|Any CPU
		{9FA9C32C-84BF-421E-BD45-8F7EF4AA6BA7}.Debug|Any CPU.Build.0 = Debug|Any CPU
		{9FA9C32C-84BF-421E-BD45-8F7EF4AA6BA7}.Release|Any CPU.ActiveCfg = Release|Any CPU
		{9FA9C32C-84BF-421E-BD45-8F7EF4AA6BA7}.Release|Any CPU.Build.0 = Release|Any CPU
	EndGlobalSection
	GlobalSection(SolutionProperties) = preSolution
		HideSolutionNode = FALSE
	EndGlobalSection
	GlobalSection(ExtensibilityGlobals) = postSolution
		SolutionGuid = {DA3F5585-6492-4E51-AAC4-F157C1009252}
	EndGlobalSection
EndGlobal
