
Microsoft Visual Studio Solution File, Format Version 12.00
# Visual Studio Version 16
VisualStudioVersion = 16.0.29709.97
MinimumVisualStudioVersion = 10.0.40219.1
Project("{FAE04EC0-301F-11D3-BF4B-00C04F79EFBC}") = "01. Buscuit Factory", "01. Buscuit Factory.csproj", "{3F24B4FF-8060-4B4C-B5C7-76F7D59BE8CF}"
EndProject
Global
	GlobalSection(SolutionConfigurationPlatforms) = preSolution
		Debug|Any CPU = Debug|Any CPU
		Release|Any CPU = Release|Any CPU
	EndGlobalSection
	GlobalSection(ProjectConfigurationPlatforms) = postSolution
		{3F24B4FF-8060-4B4C-B5C7-76F7D59BE8CF}.Debug|Any CPU.ActiveCfg = Debug|Any CPU
		{3F24B4FF-8060-4B4C-B5C7-76F7D59BE8CF}.Debug|Any CPU.Build.0 = Debug|Any CPU
		{3F24B4FF-8060-4B4C-B5C7-76F7D59BE8CF}.Release|Any CPU.ActiveCfg = Release|Any CPU
		{3F24B4FF-8060-4B4C-B5C7-76F7D59BE8CF}.Release|Any CPU.Build.0 = Release|Any CPU
	EndGlobalSection
	GlobalSection(SolutionProperties) = preSolution
		HideSolutionNode = FALSE
	EndGlobalSection
	GlobalSection(ExtensibilityGlobals) = postSolution
		SolutionGuid = {9834CB69-90C0-4E9A-8778-3AB27BD4A58C}
	EndGlobalSection
EndGlobal
