
Microsoft Visual Studio Solution File, Format Version 12.00
# Visual Studio Version 16
VisualStudioVersion = 16.0.29709.97
MinimumVisualStudioVersion = 10.0.40219.1
Project("{FAE04EC0-301F-11D3-BF4B-00C04F79EFBC}") = "04. Cities by Continent and Country", "04. Cities by Continent and Country.csproj", "{9FDE3A47-92F4-497B-9906-5D0D82A19D14}"
EndProject
Global
	GlobalSection(SolutionConfigurationPlatforms) = preSolution
		Debug|Any CPU = Debug|Any CPU
		Release|Any CPU = Release|Any CPU
	EndGlobalSection
	GlobalSection(ProjectConfigurationPlatforms) = postSolution
		{9FDE3A47-92F4-497B-9906-5D0D82A19D14}.Debug|Any CPU.ActiveCfg = Debug|Any CPU
		{9FDE3A47-92F4-497B-9906-5D0D82A19D14}.Debug|Any CPU.Build.0 = Debug|Any CPU
		{9FDE3A47-92F4-497B-9906-5D0D82A19D14}.Release|Any CPU.ActiveCfg = Release|Any CPU
		{9FDE3A47-92F4-497B-9906-5D0D82A19D14}.Release|Any CPU.Build.0 = Release|Any CPU
	EndGlobalSection
	GlobalSection(SolutionProperties) = preSolution
		HideSolutionNode = FALSE
	EndGlobalSection
	GlobalSection(ExtensibilityGlobals) = postSolution
		SolutionGuid = {E4A4FD0B-B2EE-47BD-880D-00076F419C07}
	EndGlobalSection
EndGlobal
