
Microsoft Visual Studio Solution File, Format Version 12.00
# Visual Studio Version 16
VisualStudioVersion = 16.0.29709.97
MinimumVisualStudioVersion = 10.0.40219.1
Project("{FAE04EC0-301F-11D3-BF4B-00C04F79EFBC}") = "02. From Left to The Right", "02. From Left to The Right.csproj", "{17B6CA07-6800-468D-9487-10879D8AEE7B}"
EndProject
Global
	GlobalSection(SolutionConfigurationPlatforms) = preSolution
		Debug|Any CPU = Debug|Any CPU
		Release|Any CPU = Release|Any CPU
	EndGlobalSection
	GlobalSection(ProjectConfigurationPlatforms) = postSolution
		{17B6CA07-6800-468D-9487-10879D8AEE7B}.Debug|Any CPU.ActiveCfg = Debug|Any CPU
		{17B6CA07-6800-468D-9487-10879D8AEE7B}.Debug|Any CPU.Build.0 = Debug|Any CPU
		{17B6CA07-6800-468D-9487-10879D8AEE7B}.Release|Any CPU.ActiveCfg = Release|Any CPU
		{17B6CA07-6800-468D-9487-10879D8AEE7B}.Release|Any CPU.Build.0 = Release|Any CPU
	EndGlobalSection
	GlobalSection(SolutionProperties) = preSolution
		HideSolutionNode = FALSE
	EndGlobalSection
	GlobalSection(ExtensibilityGlobals) = postSolution
		SolutionGuid = {725FEDC5-5A1B-4211-8A6F-FFBEFD468BAF}
	EndGlobalSection
EndGlobal
