
Microsoft Visual Studio Solution File, Format Version 12.00
# Visual Studio Version 16
VisualStudioVersion = 16.0.29709.97
MinimumVisualStudioVersion = 10.0.40219.1
Project("{FAE04EC0-301F-11D3-BF4B-00C04F79EFBC}") = "03. Wizard Poker", "03. Wizard Poker.csproj", "{8A92DA5A-4197-4361-8822-2AB8AF866627}"
EndProject
Global
	GlobalSection(SolutionConfigurationPlatforms) = preSolution
		Debug|Any CPU = Debug|Any CPU
		Release|Any CPU = Release|Any CPU
	EndGlobalSection
	GlobalSection(ProjectConfigurationPlatforms) = postSolution
		{8A92DA5A-4197-4361-8822-2AB8AF866627}.Debug|Any CPU.ActiveCfg = Debug|Any CPU
		{8A92DA5A-4197-4361-8822-2AB8AF866627}.Debug|Any CPU.Build.0 = Debug|Any CPU
		{8A92DA5A-4197-4361-8822-2AB8AF866627}.Release|Any CPU.ActiveCfg = Release|Any CPU
		{8A92DA5A-4197-4361-8822-2AB8AF866627}.Release|Any CPU.Build.0 = Release|Any CPU
	EndGlobalSection
	GlobalSection(SolutionProperties) = preSolution
		HideSolutionNode = FALSE
	EndGlobalSection
	GlobalSection(ExtensibilityGlobals) = postSolution
		SolutionGuid = {8D3656BE-F0CC-4BDD-946F-FDC7664F983E}
	EndGlobalSection
EndGlobal
