
Microsoft Visual Studio Solution File, Format Version 12.00
# Visual Studio Version 16
VisualStudioVersion = 16.0.29709.97
MinimumVisualStudioVersion = 10.0.40219.1
Project("{FAE04EC0-301F-11D3-BF4B-00C04F79EFBC}") = "01. Email Validator", "01. Email Validator.csproj", "{568E963E-4EE6-4BE5-BEB2-F5A4E3E1322C}"
EndProject
Global
	GlobalSection(SolutionConfigurationPlatforms) = preSolution
		Debug|Any CPU = Debug|Any CPU
		Release|Any CPU = Release|Any CPU
	EndGlobalSection
	GlobalSection(ProjectConfigurationPlatforms) = postSolution
		{568E963E-4EE6-4BE5-BEB2-F5A4E3E1322C}.Debug|Any CPU.ActiveCfg = Debug|Any CPU
		{568E963E-4EE6-4BE5-BEB2-F5A4E3E1322C}.Debug|Any CPU.Build.0 = Debug|Any CPU
		{568E963E-4EE6-4BE5-BEB2-F5A4E3E1322C}.Release|Any CPU.ActiveCfg = Release|Any CPU
		{568E963E-4EE6-4BE5-BEB2-F5A4E3E1322C}.Release|Any CPU.Build.0 = Release|Any CPU
	EndGlobalSection
	GlobalSection(SolutionProperties) = preSolution
		HideSolutionNode = FALSE
	EndGlobalSection
	GlobalSection(ExtensibilityGlobals) = postSolution
		SolutionGuid = {29C07A4C-A642-4C8F-9232-820D5BFD002A}
	EndGlobalSection
EndGlobal
