
Microsoft Visual Studio Solution File, Format Version 12.00
# Visual Studio Version 16
VisualStudioVersion = 16.0.29709.97
MinimumVisualStudioVersion = 10.0.40219.1
Project("{FAE04EC0-301F-11D3-BF4B-00C04F79EFBC}") = "02. Sum of Digits", "02. Sum of Digits.csproj", "{663D21F0-2259-4873-BFB6-58919BE48398}"
EndProject
Global
	GlobalSection(SolutionConfigurationPlatforms) = preSolution
		Debug|Any CPU = Debug|Any CPU
		Release|Any CPU = Release|Any CPU
	EndGlobalSection
	GlobalSection(ProjectConfigurationPlatforms) = postSolution
		{663D21F0-2259-4873-BFB6-58919BE48398}.Debug|Any CPU.ActiveCfg = Debug|Any CPU
		{663D21F0-2259-4873-BFB6-58919BE48398}.Debug|Any CPU.Build.0 = Debug|Any CPU
		{663D21F0-2259-4873-BFB6-58919BE48398}.Release|Any CPU.ActiveCfg = Release|Any CPU
		{663D21F0-2259-4873-BFB6-58919BE48398}.Release|Any CPU.Build.0 = Release|Any CPU
	EndGlobalSection
	GlobalSection(SolutionProperties) = preSolution
		HideSolutionNode = FALSE
	EndGlobalSection
	GlobalSection(ExtensibilityGlobals) = postSolution
		SolutionGuid = {AB2F5404-8CB2-4CC6-8233-F170A0CD2B27}
	EndGlobalSection
EndGlobal
