
Microsoft Visual Studio Solution File, Format Version 12.00
# Visual Studio Version 16
VisualStudioVersion = 16.0.29709.97
MinimumVisualStudioVersion = 10.0.40219.1
Project("{FAE04EC0-301F-11D3-BF4B-00C04F79EFBC}") = "01. Create Attribute", "01. Create Attribute.csproj", "{7F0D2546-E1BE-4982-874B-8B2E41C3FF07}"
EndProject
Global
	GlobalSection(SolutionConfigurationPlatforms) = preSolution
		Debug|Any CPU = Debug|Any CPU
		Release|Any CPU = Release|Any CPU
	EndGlobalSection
	GlobalSection(ProjectConfigurationPlatforms) = postSolution
		{7F0D2546-E1BE-4982-874B-8B2E41C3FF07}.Debug|Any CPU.ActiveCfg = Debug|Any CPU
		{7F0D2546-E1BE-4982-874B-8B2E41C3FF07}.Debug|Any CPU.Build.0 = Debug|Any CPU
		{7F0D2546-E1BE-4982-874B-8B2E41C3FF07}.Release|Any CPU.ActiveCfg = Release|Any CPU
		{7F0D2546-E1BE-4982-874B-8B2E41C3FF07}.Release|Any CPU.Build.0 = Release|Any CPU
	EndGlobalSection
	GlobalSection(SolutionProperties) = preSolution
		HideSolutionNode = FALSE
	EndGlobalSection
	GlobalSection(ExtensibilityGlobals) = postSolution
		SolutionGuid = {843C2BAA-852F-48BD-9417-DCD9A769FA0F}
	EndGlobalSection
EndGlobal
