
Microsoft Visual Studio Solution File, Format Version 12.00
# Visual Studio Version 16
VisualStudioVersion = 16.0.29709.97
MinimumVisualStudioVersion = 10.0.40219.1
Project("{FAE04EC0-301F-11D3-BF4B-00C04F79EFBC}") = "01. Class Box Data", "01. Class Box Data.csproj", "{A237935A-D341-4C15-B6B2-12CD2349CD07}"
EndProject
Global
	GlobalSection(SolutionConfigurationPlatforms) = preSolution
		Debug|Any CPU = Debug|Any CPU
		Release|Any CPU = Release|Any CPU
	EndGlobalSection
	GlobalSection(ProjectConfigurationPlatforms) = postSolution
		{A237935A-D341-4C15-B6B2-12CD2349CD07}.Debug|Any CPU.ActiveCfg = Debug|Any CPU
		{A237935A-D341-4C15-B6B2-12CD2349CD07}.Debug|Any CPU.Build.0 = Debug|Any CPU
		{A237935A-D341-4C15-B6B2-12CD2349CD07}.Release|Any CPU.ActiveCfg = Release|Any CPU
		{A237935A-D341-4C15-B6B2-12CD2349CD07}.Release|Any CPU.Build.0 = Release|Any CPU
	EndGlobalSection
	GlobalSection(SolutionProperties) = preSolution
		HideSolutionNode = FALSE
	EndGlobalSection
	GlobalSection(ExtensibilityGlobals) = postSolution
		SolutionGuid = {520C495D-F068-458C-9879-3A0EA147C465}
	EndGlobalSection
EndGlobal
