
Microsoft Visual Studio Solution File, Format Version 12.00
# Visual Studio Version 16
VisualStudioVersion = 16.0.29709.97
MinimumVisualStudioVersion = 10.0.40219.1
Project("{FAE04EC0-301F-11D3-BF4B-00C04F79EFBC}") = "09. Pokemon Don't Go", "09. Pokemon Don't Go.csproj", "{0363CE23-E16D-4E6B-AE72-1F3BED1D7904}"
EndProject
Global
	GlobalSection(SolutionConfigurationPlatforms) = preSolution
		Debug|Any CPU = Debug|Any CPU
		Release|Any CPU = Release|Any CPU
	EndGlobalSection
	GlobalSection(ProjectConfigurationPlatforms) = postSolution
		{0363CE23-E16D-4E6B-AE72-1F3BED1D7904}.Debug|Any CPU.ActiveCfg = Debug|Any CPU
		{0363CE23-E16D-4E6B-AE72-1F3BED1D7904}.Debug|Any CPU.Build.0 = Debug|Any CPU
		{0363CE23-E16D-4E6B-AE72-1F3BED1D7904}.Release|Any CPU.ActiveCfg = Release|Any CPU
		{0363CE23-E16D-4E6B-AE72-1F3BED1D7904}.Release|Any CPU.Build.0 = Release|Any CPU
	EndGlobalSection
	GlobalSection(SolutionProperties) = preSolution
		HideSolutionNode = FALSE
	EndGlobalSection
	GlobalSection(ExtensibilityGlobals) = postSolution
		SolutionGuid = {696FB1A7-B783-48D9-B262-7A8EFED75A53}
	EndGlobalSection
EndGlobal
