
Microsoft Visual Studio Solution File, Format Version 12.00
# Visual Studio Version 16
VisualStudioVersion = 16.0.29709.97
MinimumVisualStudioVersion = 10.0.40219.1
Project("{FAE04EC0-301F-11D3-BF4B-00C04F79EFBC}") = "02. Articles", "02. Articles.csproj", "{1781BCBF-8E37-4CCD-A286-CCE4772AC77B}"
EndProject
Global
	GlobalSection(SolutionConfigurationPlatforms) = preSolution
		Debug|Any CPU = Debug|Any CPU
		Release|Any CPU = Release|Any CPU
	EndGlobalSection
	GlobalSection(ProjectConfigurationPlatforms) = postSolution
		{1781BCBF-8E37-4CCD-A286-CCE4772AC77B}.Debug|Any CPU.ActiveCfg = Debug|Any CPU
		{1781BCBF-8E37-4CCD-A286-CCE4772AC77B}.Debug|Any CPU.Build.0 = Debug|Any CPU
		{1781BCBF-8E37-4CCD-A286-CCE4772AC77B}.Release|Any CPU.ActiveCfg = Release|Any CPU
		{1781BCBF-8E37-4CCD-A286-CCE4772AC77B}.Release|Any CPU.Build.0 = Release|Any CPU
	EndGlobalSection
	GlobalSection(SolutionProperties) = preSolution
		HideSolutionNode = FALSE
	EndGlobalSection
	GlobalSection(ExtensibilityGlobals) = postSolution
		SolutionGuid = {1FC8F173-F45A-413B-85D2-16B64756A5DB}
	EndGlobalSection
EndGlobal
