
Microsoft Visual Studio Solution File, Format Version 12.00
# Visual Studio Version 16
VisualStudioVersion = 16.0.29709.97
MinimumVisualStudioVersion = 10.0.40219.1
Project("{FAE04EC0-301F-11D3-BF4B-00C04F79EFBC}") = "03. Rounding Numbers", "03. Rounding Numbers.csproj", "{24C7093E-F0DD-469C-A4C0-6BF40111FCFB}"
EndProject
Global
	GlobalSection(SolutionConfigurationPlatforms) = preSolution
		Debug|Any CPU = Debug|Any CPU
		Release|Any CPU = Release|Any CPU
	EndGlobalSection
	GlobalSection(ProjectConfigurationPlatforms) = postSolution
		{24C7093E-F0DD-469C-A4C0-6BF40111FCFB}.Debug|Any CPU.ActiveCfg = Debug|Any CPU
		{24C7093E-F0DD-469C-A4C0-6BF40111FCFB}.Debug|Any CPU.Build.0 = Debug|Any CPU
		{24C7093E-F0DD-469C-A4C0-6BF40111FCFB}.Release|Any CPU.ActiveCfg = Release|Any CPU
		{24C7093E-F0DD-469C-A4C0-6BF40111FCFB}.Release|Any CPU.Build.0 = Release|Any CPU
	EndGlobalSection
	GlobalSection(SolutionProperties) = preSolution
		HideSolutionNode = FALSE
	EndGlobalSection
	GlobalSection(ExtensibilityGlobals) = postSolution
		SolutionGuid = {5698544B-E464-46BD-BC7A-5342233867CA}
	EndGlobalSection
EndGlobal
