
Microsoft Visual Studio Solution File, Format Version 12.00
# Visual Studio Version 16
VisualStudioVersion = 16.0.29709.97
MinimumVisualStudioVersion = 10.0.40219.1
Project("{FAE04EC0-301F-11D3-BF4B-00C04F79EFBC}") = "08. Car Salesman", "08. Car Salesman.csproj", "{21EB7F9D-B091-4F0B-A585-24AC844A833B}"
EndProject
Global
	GlobalSection(SolutionConfigurationPlatforms) = preSolution
		Debug|Any CPU = Debug|Any CPU
		Release|Any CPU = Release|Any CPU
	EndGlobalSection
	GlobalSection(ProjectConfigurationPlatforms) = postSolution
		{21EB7F9D-B091-4F0B-A585-24AC844A833B}.Debug|Any CPU.ActiveCfg = Debug|Any CPU
		{21EB7F9D-B091-4F0B-A585-24AC844A833B}.Debug|Any CPU.Build.0 = Debug|Any CPU
		{21EB7F9D-B091-4F0B-A585-24AC844A833B}.Release|Any CPU.ActiveCfg = Release|Any CPU
		{21EB7F9D-B091-4F0B-A585-24AC844A833B}.Release|Any CPU.Build.0 = Release|Any CPU
	EndGlobalSection
	GlobalSection(SolutionProperties) = preSolution
		HideSolutionNode = FALSE
	EndGlobalSection
	GlobalSection(ExtensibilityGlobals) = postSolution
		SolutionGuid = {869E090D-AC7C-4B38-97FB-6CB7898FFBF9}
	EndGlobalSection
EndGlobal
