
Microsoft Visual Studio Solution File, Format Version 12.00
# Visual Studio Version 16
VisualStudioVersion = 16.0.29709.97
MinimumVisualStudioVersion = 10.0.40219.1
Project("{FAE04EC0-301F-11D3-BF4B-00C04F79EFBC}") = "01. Encrypt, Sort and Print Array", "01. Encrypt, Sort and Print Array.csproj", "{B3847A31-7626-4B56-A201-15EE59AC0B17}"
EndProject
Global
	GlobalSection(SolutionConfigurationPlatforms) = preSolution
		Debug|Any CPU = Debug|Any CPU
		Release|Any CPU = Release|Any CPU
	EndGlobalSection
	GlobalSection(ProjectConfigurationPlatforms) = postSolution
		{B3847A31-7626-4B56-A201-15EE59AC0B17}.Debug|Any CPU.ActiveCfg = Debug|Any CPU
		{B3847A31-7626-4B56-A201-15EE59AC0B17}.Debug|Any CPU.Build.0 = Debug|Any CPU
		{B3847A31-7626-4B56-A201-15EE59AC0B17}.Release|Any CPU.ActiveCfg = Release|Any CPU
		{B3847A31-7626-4B56-A201-15EE59AC0B17}.Release|Any CPU.Build.0 = Release|Any CPU
	EndGlobalSection
	GlobalSection(SolutionProperties) = preSolution
		HideSolutionNode = FALSE
	EndGlobalSection
	GlobalSection(ExtensibilityGlobals) = postSolution
		SolutionGuid = {BBE9C3D2-22D6-47F3-8E2B-BBB1E9BC5D51}
	EndGlobalSection
EndGlobal
