
Microsoft Visual Studio Solution File, Format Version 12.00
# Visual Studio Version 16
VisualStudioVersion = 16.0.29709.97
MinimumVisualStudioVersion = 10.0.40219.1
Project("{FAE04EC0-301F-11D3-BF4B-00C04F79EFBC}") = "01. Shapes", "01. Shapes.csproj", "{77DE3145-06BC-4E42-B5E7-FCB40752680D}"
EndProject
Global
	GlobalSection(SolutionConfigurationPlatforms) = preSolution
		Debug|Any CPU = Debug|Any CPU
		Release|Any CPU = Release|Any CPU
	EndGlobalSection
	GlobalSection(ProjectConfigurationPlatforms) = postSolution
		{77DE3145-06BC-4E42-B5E7-FCB40752680D}.Debug|Any CPU.ActiveCfg = Debug|Any CPU
		{77DE3145-06BC-4E42-B5E7-FCB40752680D}.Debug|Any CPU.Build.0 = Debug|Any CPU
		{77DE3145-06BC-4E42-B5E7-FCB40752680D}.Release|Any CPU.ActiveCfg = Release|Any CPU
		{77DE3145-06BC-4E42-B5E7-FCB40752680D}.Release|Any CPU.Build.0 = Release|Any CPU
	EndGlobalSection
	GlobalSection(SolutionProperties) = preSolution
		HideSolutionNode = FALSE
	EndGlobalSection
	GlobalSection(ExtensibilityGlobals) = postSolution
		SolutionGuid = {591A7BA5-0877-41AA-9445-D65098ACC637}
	EndGlobalSection
EndGlobal
