
Microsoft Visual Studio Solution File, Format Version 12.00
# Visual Studio Version 16
VisualStudioVersion = 16.0.29709.97
MinimumVisualStudioVersion = 10.0.40219.1
Project("{FAE04EC0-301F-11D3-BF4B-00C04F79EFBC}") = "03. Oldest Family Member", "03. Oldest Family Member.csproj", "{02BF98AD-FC8B-4935-85DB-FC37D9570420}"
EndProject
Global
	GlobalSection(SolutionConfigurationPlatforms) = preSolution
		Debug|Any CPU = Debug|Any CPU
		Release|Any CPU = Release|Any CPU
	EndGlobalSection
	GlobalSection(ProjectConfigurationPlatforms) = postSolution
		{02BF98AD-FC8B-4935-85DB-FC37D9570420}.Debug|Any CPU.ActiveCfg = Debug|Any CPU
		{02BF98AD-FC8B-4935-85DB-FC37D9570420}.Debug|Any CPU.Build.0 = Debug|Any CPU
		{02BF98AD-FC8B-4935-85DB-FC37D9570420}.Release|Any CPU.ActiveCfg = Release|Any CPU
		{02BF98AD-FC8B-4935-85DB-FC37D9570420}.Release|Any CPU.Build.0 = Release|Any CPU
	EndGlobalSection
	GlobalSection(SolutionProperties) = preSolution
		HideSolutionNode = FALSE
	EndGlobalSection
	GlobalSection(ExtensibilityGlobals) = postSolution
		SolutionGuid = {FF00989A-7EAD-42B4-A939-08B194685D0D}
	EndGlobalSection
EndGlobal
