
Microsoft Visual Studio Solution File, Format Version 12.00
# Visual Studio Version 16
VisualStudioVersion = 16.0.29709.97
MinimumVisualStudioVersion = 10.0.40219.1
Project("{FAE04EC0-301F-11D3-BF4B-00C04F79EFBC}") = "06. Remove Villain", "06. Remove Villain.csproj", "{CCA304A8-704A-40A9-8B48-FC404B3DA21D}"
EndProject
Global
	GlobalSection(SolutionConfigurationPlatforms) = preSolution
		Debug|Any CPU = Debug|Any CPU
		Release|Any CPU = Release|Any CPU
	EndGlobalSection
	GlobalSection(ProjectConfigurationPlatforms) = postSolution
		{CCA304A8-704A-40A9-8B48-FC404B3DA21D}.Debug|Any CPU.ActiveCfg = Debug|Any CPU
		{CCA304A8-704A-40A9-8B48-FC404B3DA21D}.Debug|Any CPU.Build.0 = Debug|Any CPU
		{CCA304A8-704A-40A9-8B48-FC404B3DA21D}.Release|Any CPU.ActiveCfg = Release|Any CPU
		{CCA304A8-704A-40A9-8B48-FC404B3DA21D}.Release|Any CPU.Build.0 = Release|Any CPU
	EndGlobalSection
	GlobalSection(SolutionProperties) = preSolution
		HideSolutionNode = FALSE
	EndGlobalSection
	GlobalSection(ExtensibilityGlobals) = postSolution
		SolutionGuid = {1B72C5CA-329D-4204-9AEE-7DCD5A8357EC}
	EndGlobalSection
EndGlobal
