
Microsoft Visual Studio Solution File, Format Version 12.00
# Visual Studio Version 16
VisualStudioVersion = 16.0.29709.97
MinimumVisualStudioVersion = 10.0.40219.1
Project("{FAE04EC0-301F-11D3-BF4B-00C04F79EFBC}") = "03. Floating Equality", "03. Floating Equality.csproj", "{36D8F73A-BDEF-4165-A27F-718FBBF85B59}"
EndProject
Global
	GlobalSection(SolutionConfigurationPlatforms) = preSolution
		Debug|Any CPU = Debug|Any CPU
		Release|Any CPU = Release|Any CPU
	EndGlobalSection
	GlobalSection(ProjectConfigurationPlatforms) = postSolution
		{36D8F73A-BDEF-4165-A27F-718FBBF85B59}.Debug|Any CPU.ActiveCfg = Debug|Any CPU
		{36D8F73A-BDEF-4165-A27F-718FBBF85B59}.Debug|Any CPU.Build.0 = Debug|Any CPU
		{36D8F73A-BDEF-4165-A27F-718FBBF85B59}.Release|Any CPU.ActiveCfg = Release|Any CPU
		{36D8F73A-BDEF-4165-A27F-718FBBF85B59}.Release|Any CPU.Build.0 = Release|Any CPU
	EndGlobalSection
	GlobalSection(SolutionProperties) = preSolution
		HideSolutionNode = FALSE
	EndGlobalSection
	GlobalSection(ExtensibilityGlobals) = postSolution
		SolutionGuid = {4FC0C8AA-F25D-4A66-A124-01EC41296C0E}
	EndGlobalSection
EndGlobal
