
Microsoft Visual Studio Solution File, Format Version 12.00
# Visual Studio Version 16
VisualStudioVersion = 16.0.29709.97
MinimumVisualStudioVersion = 10.0.40219.1
Project("{FAE04EC0-301F-11D3-BF4B-00C04F79EFBC}") = "02. High Quality Mistakes", "02. High Quality Mistakes.csproj", "{646A0236-81A3-4D1E-9333-2CEA3D549A5B}"
EndProject
Global
	GlobalSection(SolutionConfigurationPlatforms) = preSolution
		Debug|Any CPU = Debug|Any CPU
		Release|Any CPU = Release|Any CPU
	EndGlobalSection
	GlobalSection(ProjectConfigurationPlatforms) = postSolution
		{646A0236-81A3-4D1E-9333-2CEA3D549A5B}.Debug|Any CPU.ActiveCfg = Debug|Any CPU
		{646A0236-81A3-4D1E-9333-2CEA3D549A5B}.Debug|Any CPU.Build.0 = Debug|Any CPU
		{646A0236-81A3-4D1E-9333-2CEA3D549A5B}.Release|Any CPU.ActiveCfg = Release|Any CPU
		{646A0236-81A3-4D1E-9333-2CEA3D549A5B}.Release|Any CPU.Build.0 = Release|Any CPU
	EndGlobalSection
	GlobalSection(SolutionProperties) = preSolution
		HideSolutionNode = FALSE
	EndGlobalSection
	GlobalSection(ExtensibilityGlobals) = postSolution
		SolutionGuid = {AB0C9F84-0798-48A2-B7AD-99E575555024}
	EndGlobalSection
EndGlobal
