
Microsoft Visual Studio Solution File, Format Version 12.00
# Visual Studio Version 16
VisualStudioVersion = 16.0.29709.97
MinimumVisualStudioVersion = 10.0.40219.1
Project("{FAE04EC0-301F-11D3-BF4B-00C04F79EFBC}") = "3. Zig-Zag Arrays", "3. Zig-Zag Arrays.csproj", "{E88C1239-EAC5-4131-8C28-6065B290864D}"
EndProject
Global
	GlobalSection(SolutionConfigurationPlatforms) = preSolution
		Debug|Any CPU = Debug|Any CPU
		Release|Any CPU = Release|Any CPU
	EndGlobalSection
	GlobalSection(ProjectConfigurationPlatforms) = postSolution
		{E88C1239-EAC5-4131-8C28-6065B290864D}.Debug|Any CPU.ActiveCfg = Debug|Any CPU
		{E88C1239-EAC5-4131-8C28-6065B290864D}.Debug|Any CPU.Build.0 = Debug|Any CPU
		{E88C1239-EAC5-4131-8C28-6065B290864D}.Release|Any CPU.ActiveCfg = Release|Any CPU
		{E88C1239-EAC5-4131-8C28-6065B290864D}.Release|Any CPU.Build.0 = Release|Any CPU
	EndGlobalSection
	GlobalSection(SolutionProperties) = preSolution
		HideSolutionNode = FALSE
	EndGlobalSection
	GlobalSection(ExtensibilityGlobals) = postSolution
		SolutionGuid = {BC2B72CA-7A37-461B-8CAB-4FA49C462F23}
	EndGlobalSection
EndGlobal
