
Microsoft Visual Studio Solution File, Format Version 12.00
# Visual Studio Version 16
VisualStudioVersion = 16.0.29709.97
MinimumVisualStudioVersion = 10.0.40219.1
Project("{FAE04EC0-301F-11D3-BF4B-00C04F79EFBC}") = "05. Multiplication Sign", "05. Multiplication Sign.csproj", "{5928C424-E627-43BA-A489-D70C5EC7F569}"
EndProject
Global
	GlobalSection(SolutionConfigurationPlatforms) = preSolution
		Debug|Any CPU = Debug|Any CPU
		Release|Any CPU = Release|Any CPU
	EndGlobalSection
	GlobalSection(ProjectConfigurationPlatforms) = postSolution
		{5928C424-E627-43BA-A489-D70C5EC7F569}.Debug|Any CPU.ActiveCfg = Debug|Any CPU
		{5928C424-E627-43BA-A489-D70C5EC7F569}.Debug|Any CPU.Build.0 = Debug|Any CPU
		{5928C424-E627-43BA-A489-D70C5EC7F569}.Release|Any CPU.ActiveCfg = Release|Any CPU
		{5928C424-E627-43BA-A489-D70C5EC7F569}.Release|Any CPU.Build.0 = Release|Any CPU
	EndGlobalSection
	GlobalSection(SolutionProperties) = preSolution
		HideSolutionNode = FALSE
	EndGlobalSection
	GlobalSection(ExtensibilityGlobals) = postSolution
		SolutionGuid = {A864A352-A609-4C1A-AEE6-8274DA09B3A5}
	EndGlobalSection
EndGlobal
