
Microsoft Visual Studio Solution File, Format Version 12.00
# Visual Studio Version 16
VisualStudioVersion = 16.0.29709.97
MinimumVisualStudioVersion = 10.0.40219.1
Project("{FAE04EC0-301F-11D3-BF4B-00C04F79EFBC}") = "test", "test.csproj", "{A0EFF6B8-6559-4FC9-AE72-F39777D7D37F}"
EndProject
Global
	GlobalSection(SolutionConfigurationPlatforms) = preSolution
		Debug|Any CPU = Debug|Any CPU
		Release|Any CPU = Release|Any CPU
	EndGlobalSection
	GlobalSection(ProjectConfigurationPlatforms) = postSolution
		{A0EFF6B8-6559-4FC9-AE72-F39777D7D37F}.Debug|Any CPU.ActiveCfg = Debug|Any CPU
		{A0EFF6B8-6559-4FC9-AE72-F39777D7D37F}.Debug|Any CPU.Build.0 = Debug|Any CPU
		{A0EFF6B8-6559-4FC9-AE72-F39777D7D37F}.Release|Any CPU.ActiveCfg = Release|Any CPU
		{A0EFF6B8-6559-4FC9-AE72-F39777D7D37F}.Release|Any CPU.Build.0 = Release|Any CPU
	EndGlobalSection
	GlobalSection(SolutionProperties) = preSolution
		HideSolutionNode = FALSE
	EndGlobalSection
	GlobalSection(ExtensibilityGlobals) = postSolution
		SolutionGuid = {28FF0959-5AB8-45A2-AF18-173AA034F438}
	EndGlobalSection
EndGlobal
