
Microsoft Visual Studio Solution File, Format Version 12.00
# Visual Studio Version 16
VisualStudioVersion = 16.0.29709.97
MinimumVisualStudioVersion = 10.0.40219.1
Project("{FAE04EC0-301F-11D3-BF4B-00C04F79EFBC}") = "03. Heroes of Code and Logic", "03. Heroes of Code and Logic.csproj", "{870F5990-018F-402D-8FA6-62B6ED6CEC94}"
EndProject
Global
	GlobalSection(SolutionConfigurationPlatforms) = preSolution
		Debug|Any CPU = Debug|Any CPU
		Release|Any CPU = Release|Any CPU
	EndGlobalSection
	GlobalSection(ProjectConfigurationPlatforms) = postSolution
		{870F5990-018F-402D-8FA6-62B6ED6CEC94}.Debug|Any CPU.ActiveCfg = Debug|Any CPU
		{870F5990-018F-402D-8FA6-62B6ED6CEC94}.Debug|Any CPU.Build.0 = Debug|Any CPU
		{870F5990-018F-402D-8FA6-62B6ED6CEC94}.Release|Any CPU.ActiveCfg = Release|Any CPU
		{870F5990-018F-402D-8FA6-62B6ED6CEC94}.Release|Any CPU.Build.0 = Release|Any CPU
	EndGlobalSection
	GlobalSection(SolutionProperties) = preSolution
		HideSolutionNode = FALSE
	EndGlobalSection
	GlobalSection(ExtensibilityGlobals) = postSolution
		SolutionGuid = {EF219399-A0D8-4EBF-A504-B7A32BA34C25}
	EndGlobalSection
EndGlobal
