
Microsoft Visual Studio Solution File, Format Version 12.00
# Visual Studio Version 16
VisualStudioVersion = 16.0.29709.97
MinimumVisualStudioVersion = 10.0.40219.1
Project("{FAE04EC0-301F-11D3-BF4B-00C04F79EFBC}") = "08. Beer Kegs", "08. Beer Kegs.csproj", "{E669D38E-6D38-4278-A93B-8889BBB5AA0F}"
EndProject
Global
	GlobalSection(SolutionConfigurationPlatforms) = preSolution
		Debug|Any CPU = Debug|Any CPU
		Release|Any CPU = Release|Any CPU
	EndGlobalSection
	GlobalSection(ProjectConfigurationPlatforms) = postSolution
		{E669D38E-6D38-4278-A93B-8889BBB5AA0F}.Debug|Any CPU.ActiveCfg = Debug|Any CPU
		{E669D38E-6D38-4278-A93B-8889BBB5AA0F}.Debug|Any CPU.Build.0 = Debug|Any CPU
		{E669D38E-6D38-4278-A93B-8889BBB5AA0F}.Release|Any CPU.ActiveCfg = Release|Any CPU
		{E669D38E-6D38-4278-A93B-8889BBB5AA0F}.Release|Any CPU.Build.0 = Release|Any CPU
	EndGlobalSection
	GlobalSection(SolutionProperties) = preSolution
		HideSolutionNode = FALSE
	EndGlobalSection
	GlobalSection(ExtensibilityGlobals) = postSolution
		SolutionGuid = {572131A9-7DDB-46FE-90EF-B98D66D3FA47}
	EndGlobalSection
EndGlobal
