
Microsoft Visual Studio Solution File, Format Version 12.00
# Visual Studio Version 16
VisualStudioVersion = 16.0.29709.97
MinimumVisualStudioVersion = 10.0.40219.1
Project("{FAE04EC0-301F-11D3-BF4B-00C04F79EFBC}") = "08. Ranking", "08. Ranking.csproj", "{F6B9EE31-2759-4F49-9124-1A000D6D83A8}"
EndProject
Global
	GlobalSection(SolutionConfigurationPlatforms) = preSolution
		Debug|Any CPU = Debug|Any CPU
		Release|Any CPU = Release|Any CPU
	EndGlobalSection
	GlobalSection(ProjectConfigurationPlatforms) = postSolution
		{F6B9EE31-2759-4F49-9124-1A000D6D83A8}.Debug|Any CPU.ActiveCfg = Debug|Any CPU
		{F6B9EE31-2759-4F49-9124-1A000D6D83A8}.Debug|Any CPU.Build.0 = Debug|Any CPU
		{F6B9EE31-2759-4F49-9124-1A000D6D83A8}.Release|Any CPU.ActiveCfg = Release|Any CPU
		{F6B9EE31-2759-4F49-9124-1A000D6D83A8}.Release|Any CPU.Build.0 = Release|Any CPU
	EndGlobalSection
	GlobalSection(SolutionProperties) = preSolution
		HideSolutionNode = FALSE
	EndGlobalSection
	GlobalSection(ExtensibilityGlobals) = postSolution
		SolutionGuid = {45A0F800-DE92-4C7B-B725-91681044B7A5}
	EndGlobalSection
EndGlobal
