
Microsoft Visual Studio Solution File, Format Version 12.00
# Visual Studio Version 16
VisualStudioVersion = 16.0.29709.97
MinimumVisualStudioVersion = 10.0.40219.1
Project("{FAE04EC0-301F-11D3-BF4B-00C04F79EFBC}") = "6. Equal Sum", "6. Equal Sum.csproj", "{ACC94CBB-2F15-4387-856C-42A812B8B1F4}"
EndProject
Global
	GlobalSection(SolutionConfigurationPlatforms) = preSolution
		Debug|Any CPU = Debug|Any CPU
		Release|Any CPU = Release|Any CPU
	EndGlobalSection
	GlobalSection(ProjectConfigurationPlatforms) = postSolution
		{ACC94CBB-2F15-4387-856C-42A812B8B1F4}.Debug|Any CPU.ActiveCfg = Debug|Any CPU
		{ACC94CBB-2F15-4387-856C-42A812B8B1F4}.Debug|Any CPU.Build.0 = Debug|Any CPU
		{ACC94CBB-2F15-4387-856C-42A812B8B1F4}.Release|Any CPU.ActiveCfg = Release|Any CPU
		{ACC94CBB-2F15-4387-856C-42A812B8B1F4}.Release|Any CPU.Build.0 = Release|Any CPU
	EndGlobalSection
	GlobalSection(SolutionProperties) = preSolution
		HideSolutionNode = FALSE
	EndGlobalSection
	GlobalSection(ExtensibilityGlobals) = postSolution
		SolutionGuid = {B10383A4-DBE0-4C4A-A5A7-E3F9BC20B434}
	EndGlobalSection
EndGlobal
