
Microsoft Visual Studio Solution File, Format Version 12.00
# Visual Studio Version 16
VisualStudioVersion = 16.0.29709.97
MinimumVisualStudioVersion = 10.0.40219.1
Project("{FAE04EC0-301F-11D3-BF4B-00C04F79EFBC}") = "04. Sum of Chars", "04. Sum of Chars.csproj", "{CA16A751-3E7B-435D-8F31-364BFE0A2105}"
EndProject
Global
	GlobalSection(SolutionConfigurationPlatforms) = preSolution
		Debug|Any CPU = Debug|Any CPU
		Release|Any CPU = Release|Any CPU
	EndGlobalSection
	GlobalSection(ProjectConfigurationPlatforms) = postSolution
		{CA16A751-3E7B-435D-8F31-364BFE0A2105}.Debug|Any CPU.ActiveCfg = Debug|Any CPU
		{CA16A751-3E7B-435D-8F31-364BFE0A2105}.Debug|Any CPU.Build.0 = Debug|Any CPU
		{CA16A751-3E7B-435D-8F31-364BFE0A2105}.Release|Any CPU.ActiveCfg = Release|Any CPU
		{CA16A751-3E7B-435D-8F31-364BFE0A2105}.Release|Any CPU.Build.0 = Release|Any CPU
	EndGlobalSection
	GlobalSection(SolutionProperties) = preSolution
		HideSolutionNode = FALSE
	EndGlobalSection
	GlobalSection(ExtensibilityGlobals) = postSolution
		SolutionGuid = {FA0237EC-B206-4E4A-BECC-BEBFF5AA55BE}
	EndGlobalSection
EndGlobal
