
Microsoft Visual Studio Solution File, Format Version 12.00
# Visual Studio Version 16
VisualStudioVersion = 16.0.29709.97
MinimumVisualStudioVersion = 10.0.40219.1
Project("{FAE04EC0-301F-11D3-BF4B-00C04F79EFBC}") = "05. Print Part of the ASCII Table", "05. Print Part of the ASCII Table.csproj", "{154AFFF2-5058-4EC2-99EA-2502B0FBF56B}"
EndProject
Global
	GlobalSection(SolutionConfigurationPlatforms) = preSolution
		Debug|Any CPU = Debug|Any CPU
		Release|Any CPU = Release|Any CPU
	EndGlobalSection
	GlobalSection(ProjectConfigurationPlatforms) = postSolution
		{154AFFF2-5058-4EC2-99EA-2502B0FBF56B}.Debug|Any CPU.ActiveCfg = Debug|Any CPU
		{154AFFF2-5058-4EC2-99EA-2502B0FBF56B}.Debug|Any CPU.Build.0 = Debug|Any CPU
		{154AFFF2-5058-4EC2-99EA-2502B0FBF56B}.Release|Any CPU.ActiveCfg = Release|Any CPU
		{154AFFF2-5058-4EC2-99EA-2502B0FBF56B}.Release|Any CPU.Build.0 = Release|Any CPU
	EndGlobalSection
	GlobalSection(SolutionProperties) = preSolution
		HideSolutionNode = FALSE
	EndGlobalSection
	GlobalSection(ExtensibilityGlobals) = postSolution
		SolutionGuid = {5D070389-C55F-4377-B690-05473E03CB04}
	EndGlobalSection
EndGlobal
