
Microsoft Visual Studio Solution File, Format Version 12.00
# Visual Studio Version 16
VisualStudioVersion = 16.0.29709.97
MinimumVisualStudioVersion = 10.0.40219.1
Project("{FAE04EC0-301F-11D3-BF4B-00C04F79EFBC}") = "03. Recursive Fibonacci", "03. Recursive Fibonacci.csproj", "{656D0A35-88D7-4FA6-A0D7-6E1D1BE4B624}"
EndProject
Global
	GlobalSection(SolutionConfigurationPlatforms) = preSolution
		Debug|Any CPU = Debug|Any CPU
		Release|Any CPU = Release|Any CPU
	EndGlobalSection
	GlobalSection(ProjectConfigurationPlatforms) = postSolution
		{656D0A35-88D7-4FA6-A0D7-6E1D1BE4B624}.Debug|Any CPU.ActiveCfg = Debug|Any CPU
		{656D0A35-88D7-4FA6-A0D7-6E1D1BE4B624}.Debug|Any CPU.Build.0 = Debug|Any CPU
		{656D0A35-88D7-4FA6-A0D7-6E1D1BE4B624}.Release|Any CPU.ActiveCfg = Release|Any CPU
		{656D0A35-88D7-4FA6-A0D7-6E1D1BE4B624}.Release|Any CPU.Build.0 = Release|Any CPU
	EndGlobalSection
	GlobalSection(SolutionProperties) = preSolution
		HideSolutionNode = FALSE
	EndGlobalSection
	GlobalSection(ExtensibilityGlobals) = postSolution
		SolutionGuid = {2E413184-D50C-433B-B091-A60FA842B630}
	EndGlobalSection
EndGlobal
