
Microsoft Visual Studio Solution File, Format Version 12.00
# Visual Studio Version 16
VisualStudioVersion = 16.0.29709.97
MinimumVisualStudioVersion = 10.0.40219.1
Project("{FAE04EC0-301F-11D3-BF4B-00C04F79EFBC}") = "05. Nether Realms", "05. Nether Realms.csproj", "{AB658797-575F-46A7-8F9B-F92758BA9F76}"
EndProject
Global
	GlobalSection(SolutionConfigurationPlatforms) = preSolution
		Debug|Any CPU = Debug|Any CPU
		Release|Any CPU = Release|Any CPU
	EndGlobalSection
	GlobalSection(ProjectConfigurationPlatforms) = postSolution
		{AB658797-575F-46A7-8F9B-F92758BA9F76}.Debug|Any CPU.ActiveCfg = Debug|Any CPU
		{AB658797-575F-46A7-8F9B-F92758BA9F76}.Debug|Any CPU.Build.0 = Debug|Any CPU
		{AB658797-575F-46A7-8F9B-F92758BA9F76}.Release|Any CPU.ActiveCfg = Release|Any CPU
		{AB658797-575F-46A7-8F9B-F92758BA9F76}.Release|Any CPU.Build.0 = Release|Any CPU
	EndGlobalSection
	GlobalSection(SolutionProperties) = preSolution
		HideSolutionNode = FALSE
	EndGlobalSection
	GlobalSection(ExtensibilityGlobals) = postSolution
		SolutionGuid = {96688661-25DD-4529-975A-DE1DD56F1F60}
	EndGlobalSection
EndGlobal
