
Microsoft Visual Studio Solution File, Format Version 12.00
# Visual Studio Version 16
VisualStudioVersion = 16.0.29709.97
MinimumVisualStudioVersion = 10.0.40219.1
Project("{FAE04EC0-301F-11D3-BF4B-00C04F79EFBC}") = "06. Triples of Latin Letters", "06. Triples of Latin Letters.csproj", "{29A769F3-3B64-42B1-80C7-B508881E9BD2}"
EndProject
Global
	GlobalSection(SolutionConfigurationPlatforms) = preSolution
		Debug|Any CPU = Debug|Any CPU
		Release|Any CPU = Release|Any CPU
	EndGlobalSection
	GlobalSection(ProjectConfigurationPlatforms) = postSolution
		{29A769F3-3B64-42B1-80C7-B508881E9BD2}.Debug|Any CPU.ActiveCfg = Debug|Any CPU
		{29A769F3-3B64-42B1-80C7-B508881E9BD2}.Debug|Any CPU.Build.0 = Debug|Any CPU
		{29A769F3-3B64-42B1-80C7-B508881E9BD2}.Release|Any CPU.ActiveCfg = Release|Any CPU
		{29A769F3-3B64-42B1-80C7-B508881E9BD2}.Release|Any CPU.Build.0 = Release|Any CPU
	EndGlobalSection
	GlobalSection(SolutionProperties) = preSolution
		HideSolutionNode = FALSE
	EndGlobalSection
	GlobalSection(ExtensibilityGlobals) = postSolution
		SolutionGuid = {62582D9B-E060-4715-AACA-53A30A19618E}
	EndGlobalSection
EndGlobal
