
Microsoft Visual Studio Solution File, Format Version 12.00
# Visual Studio Version 16
VisualStudioVersion = 16.0.29709.97
MinimumVisualStudioVersion = 10.0.40219.1
Project("{FAE04EC0-301F-11D3-BF4B-00C04F79EFBC}") = "02. Basic Queue Operations", "02. Basic Queue Operations.csproj", "{561EF00B-513E-4616-AA36-44465EB532FC}"
EndProject
Global
	GlobalSection(SolutionConfigurationPlatforms) = preSolution
		Debug|Any CPU = Debug|Any CPU
		Release|Any CPU = Release|Any CPU
	EndGlobalSection
	GlobalSection(ProjectConfigurationPlatforms) = postSolution
		{561EF00B-513E-4616-AA36-44465EB532FC}.Debug|Any CPU.ActiveCfg = Debug|Any CPU
		{561EF00B-513E-4616-AA36-44465EB532FC}.Debug|Any CPU.Build.0 = Debug|Any CPU
		{561EF00B-513E-4616-AA36-44465EB532FC}.Release|Any CPU.ActiveCfg = Release|Any CPU
		{561EF00B-513E-4616-AA36-44465EB532FC}.Release|Any CPU.Build.0 = Release|Any CPU
	EndGlobalSection
	GlobalSection(SolutionProperties) = preSolution
		HideSolutionNode = FALSE
	EndGlobalSection
	GlobalSection(ExtensibilityGlobals) = postSolution
		SolutionGuid = {7AFCFCCB-D999-4EFB-AC81-41591825DDBA}
	EndGlobalSection
EndGlobal
