
Microsoft Visual Studio Solution File, Format Version 12.00
# Visual Studio Version 16
VisualStudioVersion = 16.0.29709.97
MinimumVisualStudioVersion = 10.0.40219.1
Project("{FAE04EC0-301F-11D3-BF4B-00C04F79EFBC}") = "11. Key Revolver", "11. Key Revolver.csproj", "{28EB5463-B270-439A-A3E1-6D950D2C2353}"
EndProject
Global
	GlobalSection(SolutionConfigurationPlatforms) = preSolution
		Debug|Any CPU = Debug|Any CPU
		Release|Any CPU = Release|Any CPU
	EndGlobalSection
	GlobalSection(ProjectConfigurationPlatforms) = postSolution
		{28EB5463-B270-439A-A3E1-6D950D2C2353}.Debug|Any CPU.ActiveCfg = Debug|Any CPU
		{28EB5463-B270-439A-A3E1-6D950D2C2353}.Debug|Any CPU.Build.0 = Debug|Any CPU
		{28EB5463-B270-439A-A3E1-6D950D2C2353}.Release|Any CPU.ActiveCfg = Release|Any CPU
		{28EB5463-B270-439A-A3E1-6D950D2C2353}.Release|Any CPU.Build.0 = Release|Any CPU
	EndGlobalSection
	GlobalSection(SolutionProperties) = preSolution
		HideSolutionNode = FALSE
	EndGlobalSection
	GlobalSection(ExtensibilityGlobals) = postSolution
		SolutionGuid = {9941AB67-EB02-44CB-8BBC-8B3305525AA8}
	EndGlobalSection
EndGlobal
