
Microsoft Visual Studio Solution File, Format Version 12.00
# Visual Studio Version 16
VisualStudioVersion = 16.0.29709.97
MinimumVisualStudioVersion = 10.0.40219.1
Project("{FAE04EC0-301F-11D3-BF4B-00C04F79EFBC}") = "09. Miner", "09. Miner.csproj", "{CFE7FE20-66EE-49B4-B94C-CB2DA3308ABD}"
EndProject
Global
	GlobalSection(SolutionConfigurationPlatforms) = preSolution
		Debug|Any CPU = Debug|Any CPU
		Release|Any CPU = Release|Any CPU
	EndGlobalSection
	GlobalSection(ProjectConfigurationPlatforms) = postSolution
		{CFE7FE20-66EE-49B4-B94C-CB2DA3308ABD}.Debug|Any CPU.ActiveCfg = Debug|Any CPU
		{CFE7FE20-66EE-49B4-B94C-CB2DA3308ABD}.Debug|Any CPU.Build.0 = Debug|Any CPU
		{CFE7FE20-66EE-49B4-B94C-CB2DA3308ABD}.Release|Any CPU.ActiveCfg = Release|Any CPU
		{CFE7FE20-66EE-49B4-B94C-CB2DA3308ABD}.Release|Any CPU.Build.0 = Release|Any CPU
	EndGlobalSection
	GlobalSection(SolutionProperties) = preSolution
		HideSolutionNode = FALSE
	EndGlobalSection
	GlobalSection(ExtensibilityGlobals) = postSolution
		SolutionGuid = {F81FF0A5-5DA1-43DB-9954-43326A5C483C}
	EndGlobalSection
EndGlobal
