
Microsoft Visual Studio Solution File, Format Version 12.00
# Visual Studio Version 16
VisualStudioVersion = 16.0.29709.97
MinimumVisualStudioVersion = 10.0.40219.1
Project("{FAE04EC0-301F-11D3-BF4B-00C04F79EFBC}") = "04. Morse Code Translator", "04. Morse Code Translator.csproj", "{2C6B897C-1751-4F9D-B7A4-72C14A3632EB}"
EndProject
Global
	GlobalSection(SolutionConfigurationPlatforms) = preSolution
		Debug|Any CPU = Debug|Any CPU
		Release|Any CPU = Release|Any CPU
	EndGlobalSection
	GlobalSection(ProjectConfigurationPlatforms) = postSolution
		{2C6B897C-1751-4F9D-B7A4-72C14A3632EB}.Debug|Any CPU.ActiveCfg = Debug|Any CPU
		{2C6B897C-1751-4F9D-B7A4-72C14A3632EB}.Debug|Any CPU.Build.0 = Debug|Any CPU
		{2C6B897C-1751-4F9D-B7A4-72C14A3632EB}.Release|Any CPU.ActiveCfg = Release|Any CPU
		{2C6B897C-1751-4F9D-B7A4-72C14A3632EB}.Release|Any CPU.Build.0 = Release|Any CPU
	EndGlobalSection
	GlobalSection(SolutionProperties) = preSolution
		HideSolutionNode = FALSE
	EndGlobalSection
	GlobalSection(ExtensibilityGlobals) = postSolution
		SolutionGuid = {15173F77-5821-45E8-9D7A-AA22F581EEFB}
	EndGlobalSection
EndGlobal
